// !$*UTF8*$!
{
	archiveVersion = 1;
	classes = {
	};
	objectVersion = 46;
	objects = {

/* Begin PBXBuildFile section */
		9C3DB97F183CD64E000FCF8C /* NSString+KKMessagesView.m in Sources */ = {isa = PBXBuildFile; fileRef = 9C3DB930183CD64E000FCF8C /* NSString+KKMessagesView.m */; };
		9C3DB980183CD64E000FCF8C /* UIButton+KKMessagesView.m in Sources */ = {isa = PBXBuildFile; fileRef = 9C3DB932183CD64E000FCF8C /* UIButton+KKMessagesView.m */; };
		9C3DB981183CD64E000FCF8C /* UIColor+KKMessagesView.m in Sources */ = {isa = PBXBuildFile; fileRef = 9C3DB934183CD64E000FCF8C /* UIColor+KKMessagesView.m */; };
		9C3DB982183CD64E000FCF8C /* UIImage+KKMessagesView.m in Sources */ = {isa = PBXBuildFile; fileRef = 9C3DB936183CD64E000FCF8C /* UIImage+KKMessagesView.m */; };
		9C3DB983183CD64E000FCF8C /* KKAvatarImageFactory.m in Sources */ = {isa = PBXBuildFile; fileRef = 9C3DB939183CD64E000FCF8C /* KKAvatarImageFactory.m */; };
		9C3DB984183CD64E000FCF8C /* KKBubbleImageViewFactory.m in Sources */ = {isa = PBXBuildFile; fileRef = 9C3DB93B183CD64E000FCF8C /* KKBubbleImageViewFactory.m */; };
		9C3DB985183CD64E000FCF8C /* KKBubbleMessageCell.m in Sources */ = {isa = PBXBuildFile; fileRef = 9C3DB93D183CD64E000FCF8C /* KKBubbleMessageCell.m */; };
		9C3DB986183CD64E000FCF8C /* KKBubbleView.m in Sources */ = {isa = PBXBuildFile; fileRef = 9C3DB93F183CD64E000FCF8C /* KKBubbleView.m */; };
		9C3DB987183CD64E000FCF8C /* KKDismissiveTextView.m in Sources */ = {isa = PBXBuildFile; fileRef = 9C3DB941183CD64E000FCF8C /* KKDismissiveTextView.m */; };
		9C3DB988183CD64E000FCF8C /* KKMessageInputView.m in Sources */ = {isa = PBXBuildFile; fileRef = 9C3DB943183CD64E000FCF8C /* KKMessageInputView.m */; };
		9C3DB989183CD64E000FCF8C /* KKMessageSoundEffect.m in Sources */ = {isa = PBXBuildFile; fileRef = 9C3DB945183CD64E000FCF8C /* KKMessageSoundEffect.m */; };
		9C3DB98A183CD64E000FCF8C /* KKMessagesViewController.m in Sources */ = {isa = PBXBuildFile; fileRef = 9C3DB947183CD64E000FCF8C /* KKMessagesViewController.m */; };
		9C3DB98B183CD64E000FCF8C /* KKMessageTextView.m in Sources */ = {isa = PBXBuildFile; fileRef = 9C3DB949183CD64E000FCF8C /* KKMessageTextView.m */; };
		9C3DB98C183CD64E000FCF8C /* avatar-placeholder.png in Resources */ = {isa = PBXBuildFile; fileRef = 9C3DB94D183CD64E000FCF8C /* avatar-placeholder.png */; };
		9C3DB98D183CD64E000FCF8C /* avatar-placeholder@2x.png in Resources */ = {isa = PBXBuildFile; fileRef = 9C3DB94E183CD64E000FCF8C /* avatar-placeholder@2x.png */; };
		9C3DB98E183CD64E000FCF8C /* bubble-classic-blue.png in Resources */ = {isa = PBXBuildFile; fileRef = 9C3DB950183CD64E000FCF8C /* bubble-classic-blue.png */; };
		9C3DB98F183CD64E000FCF8C /* bubble-classic-blue@2x.png in Resources */ = {isa = PBXBuildFile; fileRef = 9C3DB951183CD64E000FCF8C /* bubble-classic-blue@2x.png */; };
		9C3DB990183CD64E000FCF8C /* bubble-classic-gray.png in Resources */ = {isa = PBXBuildFile; fileRef = 9C3DB952183CD64E000FCF8C /* bubble-classic-gray.png */; };
		9C3DB991183CD64E000FCF8C /* bubble-classic-gray@2x.png in Resources */ = {isa = PBXBuildFile; fileRef = 9C3DB953183CD64E000FCF8C /* bubble-classic-gray@2x.png */; };
		9C3DB992183CD64E000FCF8C /* bubble-classic-green.png in Resources */ = {isa = PBXBuildFile; fileRef = 9C3DB954183CD64E000FCF8C /* bubble-classic-green.png */; };
		9C3DB993183CD64E000FCF8C /* bubble-classic-green@2x.png in Resources */ = {isa = PBXBuildFile; fileRef = 9C3DB955183CD64E000FCF8C /* bubble-classic-green@2x.png */; };
		9C3DB994183CD64E000FCF8C /* bubble-classic-selected.png in Resources */ = {isa = PBXBuildFile; fileRef = 9C3DB956183CD64E000FCF8C /* bubble-classic-selected.png */; };
		9C3DB995183CD64E000FCF8C /* bubble-classic-selected@2x.png in Resources */ = {isa = PBXBuildFile; fileRef = 9C3DB957183CD64E000FCF8C /* bubble-classic-selected@2x.png */; };
		9C3DB996183CD64E000FCF8C /* bubble-classic-typing.png in Resources */ = {isa = PBXBuildFile; fileRef = 9C3DB958183CD64E000FCF8C /* bubble-classic-typing.png */; };
		9C3DB997183CD64E000FCF8C /* bubble-classic-typing@2x.png in Resources */ = {isa = PBXBuildFile; fileRef = 9C3DB959183CD64E000FCF8C /* bubble-classic-typing@2x.png */; };
		9C3DB998183CD64E000FCF8C /* bubble-classic-square-blue.png in Resources */ = {isa = PBXBuildFile; fileRef = 9C3DB95B183CD64E000FCF8C /* bubble-classic-square-blue.png */; };
		9C3DB999183CD64E000FCF8C /* bubble-classic-square-blue@2x.png in Resources */ = {isa = PBXBuildFile; fileRef = 9C3DB95C183CD64E000FCF8C /* bubble-classic-square-blue@2x.png */; };
		9C3DB99A183CD64E000FCF8C /* bubble-classic-square-gray.png in Resources */ = {isa = PBXBuildFile; fileRef = 9C3DB95D183CD64E000FCF8C /* bubble-classic-square-gray.png */; };
		9C3DB99B183CD64E000FCF8C /* bubble-classic-square-gray@2x.png in Resources */ = {isa = PBXBuildFile; fileRef = 9C3DB95E183CD64E000FCF8C /* bubble-classic-square-gray@2x.png */; };
		9C3DB99C183CD64E000FCF8C /* bubble-classic-square-selected.png in Resources */ = {isa = PBXBuildFile; fileRef = 9C3DB95F183CD64E000FCF8C /* bubble-classic-square-selected.png */; };
		9C3DB99D183CD64E000FCF8C /* bubble-classic-square-selected@2x.png in Resources */ = {isa = PBXBuildFile; fileRef = 9C3DB960183CD64E000FCF8C /* bubble-classic-square-selected@2x.png */; };
		9C3DB99E183CD64E000FCF8C /* bubble-min-tailless.png in Resources */ = {isa = PBXBuildFile; fileRef = 9C3DB962183CD64E000FCF8C /* bubble-min-tailless.png */; };
		9C3DB99F183CD64E000FCF8C /* bubble-min-tailless@2x.png in Resources */ = {isa = PBXBuildFile; fileRef = 9C3DB963183CD64E000FCF8C /* bubble-min-tailless@2x.png */; };
		9C3DB9A0183CD64E000FCF8C /* bubble-min.png in Resources */ = {isa = PBXBuildFile; fileRef = 9C3DB964183CD64E000FCF8C /* bubble-min.png */; };
		9C3DB9A1183CD64E000FCF8C /* bubble-min@2x.png in Resources */ = {isa = PBXBuildFile; fileRef = 9C3DB965183CD64E000FCF8C /* bubble-min@2x.png */; };
		9C3DB9A2183CD64E000FCF8C /* bubble-stroked-tailless.png in Resources */ = {isa = PBXBuildFile; fileRef = 9C3DB966183CD64E000FCF8C /* bubble-stroked-tailless.png */; };
		9C3DB9A3183CD64E000FCF8C /* bubble-stroked-tailless@2x.png in Resources */ = {isa = PBXBuildFile; fileRef = 9C3DB967183CD64E000FCF8C /* bubble-stroked-tailless@2x.png */; };
		9C3DB9A4183CD64E000FCF8C /* bubble-stroked.png in Resources */ = {isa = PBXBuildFile; fileRef = 9C3DB968183CD64E000FCF8C /* bubble-stroked.png */; };
		9C3DB9A5183CD64E000FCF8C /* bubble-stroked@2x.png in Resources */ = {isa = PBXBuildFile; fileRef = 9C3DB969183CD64E000FCF8C /* bubble-stroked@2x.png */; };
		9C3DB9A6183CD64E000FCF8C /* bubble-tailless.png in Resources */ = {isa = PBXBuildFile; fileRef = 9C3DB96A183CD64E000FCF8C /* bubble-tailless.png */; };
		9C3DB9A7183CD64E000FCF8C /* bubble-tailless@2x.png in Resources */ = {isa = PBXBuildFile; fileRef = 9C3DB96B183CD64E000FCF8C /* bubble-tailless@2x.png */; };
		9C3DB9A8183CD64E000FCF8C /* bubble.png in Resources */ = {isa = PBXBuildFile; fileRef = 9C3DB96C183CD64E000FCF8C /* bubble.png */; };
		9C3DB9A9183CD64E000FCF8C /* bubble@2x.png in Resources */ = {isa = PBXBuildFile; fileRef = 9C3DB96D183CD64E000FCF8C /* bubble@2x.png */; };
		9C3DB9AA183CD64E000FCF8C /* input-bar-background.png in Resources */ = {isa = PBXBuildFile; fileRef = 9C3DB96F183CD64E000FCF8C /* input-bar-background.png */; };
		9C3DB9AB183CD64E000FCF8C /* input-bar-background@2x.png in Resources */ = {isa = PBXBuildFile; fileRef = 9C3DB970183CD64E000FCF8C /* input-bar-background@2x.png */; };
		9C3DB9AC183CD64E000FCF8C /* input-field-cover.png in Resources */ = {isa = PBXBuildFile; fileRef = 9C3DB971183CD64E000FCF8C /* input-field-cover.png */; };
		9C3DB9AD183CD64E000FCF8C /* input-field-cover@2x.png in Resources */ = {isa = PBXBuildFile; fileRef = 9C3DB972183CD64E000FCF8C /* input-field-cover@2x.png */; };
		9C3DB9AE183CD64E000FCF8C /* send-button-pressed.png in Resources */ = {isa = PBXBuildFile; fileRef = 9C3DB973183CD64E000FCF8C /* send-button-pressed.png */; };
		9C3DB9AF183CD64E000FCF8C /* send-button-pressed@2x.png in Resources */ = {isa = PBXBuildFile; fileRef = 9C3DB974183CD64E000FCF8C /* send-button-pressed@2x.png */; };
		9C3DB9B0183CD64E000FCF8C /* send-button.png in Resources */ = {isa = PBXBuildFile; fileRef = 9C3DB975183CD64E000FCF8C /* send-button.png */; };
		9C3DB9B1183CD64E000FCF8C /* send-button@2x.png in Resources */ = {isa = PBXBuildFile; fileRef = 9C3DB976183CD64E000FCF8C /* send-button@2x.png */; };
		9C3DB9B2183CD64E000FCF8C /* button-photo.png in Resources */ = {isa = PBXBuildFile; fileRef = 9C3DB978183CD64E000FCF8C /* button-photo.png */; };
		9C3DB9B3183CD64E000FCF8C /* button-photo@2x.png in Resources */ = {isa = PBXBuildFile; fileRef = 9C3DB979183CD64E000FCF8C /* button-photo@2x.png */; };
		9C3DB9B4183CD64E000FCF8C /* input-bar-flat.png in Resources */ = {isa = PBXBuildFile; fileRef = 9C3DB97A183CD64E000FCF8C /* input-bar-flat.png */; };
		9C3DB9B5183CD64E000FCF8C /* input-bar-flat@2x.png in Resources */ = {isa = PBXBuildFile; fileRef = 9C3DB97B183CD64E000FCF8C /* input-bar-flat@2x.png */; };
		9C3DB9B6183CD64E000FCF8C /* message-received.aiff in Resources */ = {isa = PBXBuildFile; fileRef = 9C3DB97D183CD64E000FCF8C /* message-received.aiff */; };
		9C3DB9B7183CD64E000FCF8C /* message-sent.aiff in Resources */ = {isa = PBXBuildFile; fileRef = 9C3DB97E183CD64E000FCF8C /* message-sent.aiff */; };
		9C8094AA183C882700491E89 /* Foundation.framework in Frameworks */ = {isa = PBXBuildFile; fileRef = 9C8094A9183C882700491E89 /* Foundation.framework */; };
		9C8094AC183C882700491E89 /* CoreGraphics.framework in Frameworks */ = {isa = PBXBuildFile; fileRef = 9C8094AB183C882700491E89 /* CoreGraphics.framework */; };
		9C8094AE183C882700491E89 /* UIKit.framework in Frameworks */ = {isa = PBXBuildFile; fileRef = 9C8094AD183C882700491E89 /* UIKit.framework */; };
		9C8094B4183C882700491E89 /* InfoPlist.strings in Resources */ = {isa = PBXBuildFile; fileRef = 9C8094B2183C882700491E89 /* InfoPlist.strings */; };
		9C8094B6183C882700491E89 /* main.m in Sources */ = {isa = PBXBuildFile; fileRef = 9C8094B5183C882700491E89 /* main.m */; };
		9C8094BA183C882700491E89 /* KKAppDelegate.m in Sources */ = {isa = PBXBuildFile; fileRef = 9C8094B9183C882700491E89 /* KKAppDelegate.m */; };
		9C8094BC183C882700491E89 /* Images.xcassets in Resources */ = {isa = PBXBuildFile; fileRef = 9C8094BB183C882700491E89 /* Images.xcassets */; };
		9C8094C3183C882800491E89 /* XCTest.framework in Frameworks */ = {isa = PBXBuildFile; fileRef = 9C8094C2183C882800491E89 /* XCTest.framework */; };
		9C8094C4183C882800491E89 /* Foundation.framework in Frameworks */ = {isa = PBXBuildFile; fileRef = 9C8094A9183C882700491E89 /* Foundation.framework */; };
		9C8094C5183C882800491E89 /* UIKit.framework in Frameworks */ = {isa = PBXBuildFile; fileRef = 9C8094AD183C882700491E89 /* UIKit.framework */; };
		9C8094CD183C882800491E89 /* InfoPlist.strings in Resources */ = {isa = PBXBuildFile; fileRef = 9C8094CB183C882800491E89 /* InfoPlist.strings */; };
		9C8094CF183C882800491E89 /* KKMessagesViewControllerTests.m in Sources */ = {isa = PBXBuildFile; fileRef = 9C8094CE183C882800491E89 /* KKMessagesViewControllerTests.m */; };
		9C8094DA183C8DBA00491E89 /* KKDemoViewController.m in Sources */ = {isa = PBXBuildFile; fileRef = 9C8094D9183C8DBA00491E89 /* KKDemoViewController.m */; };
/* End PBXBuildFile section */

/* Begin PBXContainerItemProxy section */
		9C8094C6183C882800491E89 /* PBXContainerItemProxy */ = {
			isa = PBXContainerItemProxy;
			containerPortal = 9C80949E183C882700491E89 /* Project object */;
			proxyType = 1;
			remoteGlobalIDString = 9C8094A5183C882700491E89;
			remoteInfo = KKMessagesViewController;
		};
/* End PBXContainerItemProxy section */

/* Begin PBXFileReference section */
		9C3DB92F183CD64E000FCF8C /* NSString+KKMessagesView.h */ = {isa = PBXFileReference; fileEncoding = 4; lastKnownFileType = sourcecode.c.h; path = "NSString+KKMessagesView.h"; sourceTree = "<group>"; };
		9C3DB930183CD64E000FCF8C /* NSString+KKMessagesView.m */ = {isa = PBXFileReference; fileEncoding = 4; lastKnownFileType = sourcecode.c.objc; path = "NSString+KKMessagesView.m"; sourceTree = "<group>"; };
		9C3DB931183CD64E000FCF8C /* UIButton+KKMessagesView.h */ = {isa = PBXFileReference; fileEncoding = 4; lastKnownFileType = sourcecode.c.h; path = "UIButton+KKMessagesView.h"; sourceTree = "<group>"; };
		9C3DB932183CD64E000FCF8C /* UIButton+KKMessagesView.m */ = {isa = PBXFileReference; fileEncoding = 4; lastKnownFileType = sourcecode.c.objc; path = "UIButton+KKMessagesView.m"; sourceTree = "<group>"; };
		9C3DB933183CD64E000FCF8C /* UIColor+KKMessagesView.h */ = {isa = PBXFileReference; fileEncoding = 4; lastKnownFileType = sourcecode.c.h; path = "UIColor+KKMessagesView.h"; sourceTree = "<group>"; };
		9C3DB934183CD64E000FCF8C /* UIColor+KKMessagesView.m */ = {isa = PBXFileReference; fileEncoding = 4; lastKnownFileType = sourcecode.c.objc; path = "UIColor+KKMessagesView.m"; sourceTree = "<group>"; };
		9C3DB935183CD64E000FCF8C /* UIImage+KKMessagesView.h */ = {isa = PBXFileReference; fileEncoding = 4; lastKnownFileType = sourcecode.c.h; path = "UIImage+KKMessagesView.h"; sourceTree = "<group>"; };
		9C3DB936183CD64E000FCF8C /* UIImage+KKMessagesView.m */ = {isa = PBXFileReference; fileEncoding = 4; lastKnownFileType = sourcecode.c.objc; path = "UIImage+KKMessagesView.m"; sourceTree = "<group>"; };
		9C3DB938183CD64E000FCF8C /* KKAvatarImageFactory.h */ = {isa = PBXFileReference; fileEncoding = 4; lastKnownFileType = sourcecode.c.h; lineEnding = 0; path = KKAvatarImageFactory.h; sourceTree = "<group>"; xcLanguageSpecificationIdentifier = xcode.lang.objcpp; };
		9C3DB939183CD64E000FCF8C /* KKAvatarImageFactory.m */ = {isa = PBXFileReference; fileEncoding = 4; lastKnownFileType = sourcecode.c.objc; lineEnding = 0; path = KKAvatarImageFactory.m; sourceTree = "<group>"; xcLanguageSpecificationIdentifier = xcode.lang.objc; };
		9C3DB93A183CD64E000FCF8C /* KKBubbleImageViewFactory.h */ = {isa = PBXFileReference; fileEncoding = 4; lastKnownFileType = sourcecode.c.h; lineEnding = 0; path = KKBubbleImageViewFactory.h; sourceTree = "<group>"; xcLanguageSpecificationIdentifier = xcode.lang.objcpp; };
		9C3DB93B183CD64E000FCF8C /* KKBubbleImageViewFactory.m */ = {isa = PBXFileReference; fileEncoding = 4; lastKnownFileType = sourcecode.c.objc; lineEnding = 0; path = KKBubbleImageViewFactory.m; sourceTree = "<group>"; xcLanguageSpecificationIdentifier = xcode.lang.objc; };
		9C3DB93C183CD64E000FCF8C /* KKBubbleMessageCell.h */ = {isa = PBXFileReference; fileEncoding = 4; lastKnownFileType = sourcecode.c.h; lineEnding = 0; path = KKBubbleMessageCell.h; sourceTree = "<group>"; xcLanguageSpecificationIdentifier = xcode.lang.objcpp; };
		9C3DB93D183CD64E000FCF8C /* KKBubbleMessageCell.m */ = {isa = PBXFileReference; fileEncoding = 4; lastKnownFileType = sourcecode.c.objc; lineEnding = 0; path = KKBubbleMessageCell.m; sourceTree = "<group>"; xcLanguageSpecificationIdentifier = xcode.lang.objc; };
		9C3DB93E183CD64E000FCF8C /* KKBubbleView.h */ = {isa = PBXFileReference; fileEncoding = 4; lastKnownFileType = sourcecode.c.h; path = KKBubbleView.h; sourceTree = "<group>"; };
		9C3DB93F183CD64E000FCF8C /* KKBubbleView.m */ = {isa = PBXFileReference; fileEncoding = 4; lastKnownFileType = sourcecode.c.objc; path = KKBubbleView.m; sourceTree = "<group>"; };
		9C3DB940183CD64E000FCF8C /* KKDismissiveTextView.h */ = {isa = PBXFileReference; fileEncoding = 4; lastKnownFileType = sourcecode.c.h; path = KKDismissiveTextView.h; sourceTree = "<group>"; };
		9C3DB941183CD64E000FCF8C /* KKDismissiveTextView.m */ = {isa = PBXFileReference; fileEncoding = 4; lastKnownFileType = sourcecode.c.objc; path = KKDismissiveTextView.m; sourceTree = "<group>"; };
		9C3DB942183CD64E000FCF8C /* KKMessageInputView.h */ = {isa = PBXFileReference; fileEncoding = 4; lastKnownFileType = sourcecode.c.h; path = KKMessageInputView.h; sourceTree = "<group>"; };
		9C3DB943183CD64E000FCF8C /* KKMessageInputView.m */ = {isa = PBXFileReference; fileEncoding = 4; lastKnownFileType = sourcecode.c.objc; path = KKMessageInputView.m; sourceTree = "<group>"; };
		9C3DB944183CD64E000FCF8C /* KKMessageSoundEffect.h */ = {isa = PBXFileReference; fileEncoding = 4; lastKnownFileType = sourcecode.c.h; path = KKMessageSoundEffect.h; sourceTree = "<group>"; };
		9C3DB945183CD64E000FCF8C /* KKMessageSoundEffect.m */ = {isa = PBXFileReference; fileEncoding = 4; lastKnownFileType = sourcecode.c.objc; path = KKMessageSoundEffect.m; sourceTree = "<group>"; };
		9C3DB946183CD64E000FCF8C /* KKMessagesViewController.h */ = {isa = PBXFileReference; fileEncoding = 4; lastKnownFileType = sourcecode.c.h; path = KKMessagesViewController.h; sourceTree = "<group>"; };
		9C3DB947183CD64E000FCF8C /* KKMessagesViewController.m */ = {isa = PBXFileReference; fileEncoding = 4; lastKnownFileType = sourcecode.c.objc; path = KKMessagesViewController.m; sourceTree = "<group>"; };
		9C3DB948183CD64E000FCF8C /* KKMessageTextView.h */ = {isa = PBXFileReference; fileEncoding = 4; lastKnownFileType = sourcecode.c.h; path = KKMessageTextView.h; sourceTree = "<group>"; };
		9C3DB949183CD64E000FCF8C /* KKMessageTextView.m */ = {isa = PBXFileReference; fileEncoding = 4; lastKnownFileType = sourcecode.c.objc; path = KKMessageTextView.m; sourceTree = "<group>"; };
		9C3DB94D183CD64E000FCF8C /* avatar-placeholder.png */ = {isa = PBXFileReference; lastKnownFileType = image.png; path = "avatar-placeholder.png"; sourceTree = "<group>"; };
		9C3DB94E183CD64E000FCF8C /* avatar-placeholder@2x.png */ = {isa = PBXFileReference; lastKnownFileType = image.png; path = "avatar-placeholder@2x.png"; sourceTree = "<group>"; };
		9C3DB950183CD64E000FCF8C /* bubble-classic-blue.png */ = {isa = PBXFileReference; lastKnownFileType = image.png; path = "bubble-classic-blue.png"; sourceTree = "<group>"; };
		9C3DB951183CD64E000FCF8C /* bubble-classic-blue@2x.png */ = {isa = PBXFileReference; lastKnownFileType = image.png; path = "bubble-classic-blue@2x.png"; sourceTree = "<group>"; };
		9C3DB952183CD64E000FCF8C /* bubble-classic-gray.png */ = {isa = PBXFileReference; lastKnownFileType = image.png; path = "bubble-classic-gray.png"; sourceTree = "<group>"; };
		9C3DB953183CD64E000FCF8C /* bubble-classic-gray@2x.png */ = {isa = PBXFileReference; lastKnownFileType = image.png; path = "bubble-classic-gray@2x.png"; sourceTree = "<group>"; };
		9C3DB954183CD64E000FCF8C /* bubble-classic-green.png */ = {isa = PBXFileReference; lastKnownFileType = image.png; path = "bubble-classic-green.png"; sourceTree = "<group>"; };
		9C3DB955183CD64E000FCF8C /* bubble-classic-green@2x.png */ = {isa = PBXFileReference; lastKnownFileType = image.png; path = "bubble-classic-green@2x.png"; sourceTree = "<group>"; };
		9C3DB956183CD64E000FCF8C /* bubble-classic-selected.png */ = {isa = PBXFileReference; lastKnownFileType = image.png; path = "bubble-classic-selected.png"; sourceTree = "<group>"; };
		9C3DB957183CD64E000FCF8C /* bubble-classic-selected@2x.png */ = {isa = PBXFileReference; lastKnownFileType = image.png; path = "bubble-classic-selected@2x.png"; sourceTree = "<group>"; };
		9C3DB958183CD64E000FCF8C /* bubble-classic-typing.png */ = {isa = PBXFileReference; lastKnownFileType = image.png; path = "bubble-classic-typing.png"; sourceTree = "<group>"; };
		9C3DB959183CD64E000FCF8C /* bubble-classic-typing@2x.png */ = {isa = PBXFileReference; lastKnownFileType = image.png; path = "bubble-classic-typing@2x.png"; sourceTree = "<group>"; };
		9C3DB95B183CD64E000FCF8C /* bubble-classic-square-blue.png */ = {isa = PBXFileReference; lastKnownFileType = image.png; path = "bubble-classic-square-blue.png"; sourceTree = "<group>"; };
		9C3DB95C183CD64E000FCF8C /* bubble-classic-square-blue@2x.png */ = {isa = PBXFileReference; lastKnownFileType = image.png; path = "bubble-classic-square-blue@2x.png"; sourceTree = "<group>"; };
		9C3DB95D183CD64E000FCF8C /* bubble-classic-square-gray.png */ = {isa = PBXFileReference; lastKnownFileType = image.png; path = "bubble-classic-square-gray.png"; sourceTree = "<group>"; };
		9C3DB95E183CD64E000FCF8C /* bubble-classic-square-gray@2x.png */ = {isa = PBXFileReference; lastKnownFileType = image.png; path = "bubble-classic-square-gray@2x.png"; sourceTree = "<group>"; };
		9C3DB95F183CD64E000FCF8C /* bubble-classic-square-selected.png */ = {isa = PBXFileReference; lastKnownFileType = image.png; path = "bubble-classic-square-selected.png"; sourceTree = "<group>"; };
		9C3DB960183CD64E000FCF8C /* bubble-classic-square-selected@2x.png */ = {isa = PBXFileReference; lastKnownFileType = image.png; path = "bubble-classic-square-selected@2x.png"; sourceTree = "<group>"; };
		9C3DB962183CD64E000FCF8C /* bubble-min-tailless.png */ = {isa = PBXFileReference; lastKnownFileType = image.png; path = "bubble-min-tailless.png"; sourceTree = "<group>"; };
		9C3DB963183CD64E000FCF8C /* bubble-min-tailless@2x.png */ = {isa = PBXFileReference; lastKnownFileType = image.png; path = "bubble-min-tailless@2x.png"; sourceTree = "<group>"; };
		9C3DB964183CD64E000FCF8C /* bubble-min.png */ = {isa = PBXFileReference; lastKnownFileType = image.png; path = "bubble-min.png"; sourceTree = "<group>"; };
		9C3DB965183CD64E000FCF8C /* bubble-min@2x.png */ = {isa = PBXFileReference; lastKnownFileType = image.png; path = "bubble-min@2x.png"; sourceTree = "<group>"; };
		9C3DB966183CD64E000FCF8C /* bubble-stroked-tailless.png */ = {isa = PBXFileReference; lastKnownFileType = image.png; path = "bubble-stroked-tailless.png"; sourceTree = "<group>"; };
		9C3DB967183CD64E000FCF8C /* bubble-stroked-tailless@2x.png */ = {isa = PBXFileReference; lastKnownFileType = image.png; path = "bubble-stroked-tailless@2x.png"; sourceTree = "<group>"; };
		9C3DB968183CD64E000FCF8C /* bubble-stroked.png */ = {isa = PBXFileReference; lastKnownFileType = image.png; path = "bubble-stroked.png"; sourceTree = "<group>"; };
		9C3DB969183CD64E000FCF8C /* bubble-stroked@2x.png */ = {isa = PBXFileReference; lastKnownFileType = image.png; path = "bubble-stroked@2x.png"; sourceTree = "<group>"; };
		9C3DB96A183CD64E000FCF8C /* bubble-tailless.png */ = {isa = PBXFileReference; lastKnownFileType = image.png; path = "bubble-tailless.png"; sourceTree = "<group>"; };
		9C3DB96B183CD64E000FCF8C /* bubble-tailless@2x.png */ = {isa = PBXFileReference; lastKnownFileType = image.png; path = "bubble-tailless@2x.png"; sourceTree = "<group>"; };
		9C3DB96C183CD64E000FCF8C /* bubble.png */ = {isa = PBXFileReference; lastKnownFileType = image.png; path = bubble.png; sourceTree = "<group>"; };
		9C3DB96D183CD64E000FCF8C /* bubble@2x.png */ = {isa = PBXFileReference; lastKnownFileType = image.png; path = "bubble@2x.png"; sourceTree = "<group>"; };
		9C3DB96F183CD64E000FCF8C /* input-bar-background.png */ = {isa = PBXFileReference; lastKnownFileType = image.png; path = "input-bar-background.png"; sourceTree = "<group>"; };
		9C3DB970183CD64E000FCF8C /* input-bar-background@2x.png */ = {isa = PBXFileReference; lastKnownFileType = image.png; path = "input-bar-background@2x.png"; sourceTree = "<group>"; };
		9C3DB971183CD64E000FCF8C /* input-field-cover.png */ = {isa = PBXFileReference; lastKnownFileType = image.png; path = "input-field-cover.png"; sourceTree = "<group>"; };
		9C3DB972183CD64E000FCF8C /* input-field-cover@2x.png */ = {isa = PBXFileReference; lastKnownFileType = image.png; path = "input-field-cover@2x.png"; sourceTree = "<group>"; };
		9C3DB973183CD64E000FCF8C /* send-button-pressed.png */ = {isa = PBXFileReference; lastKnownFileType = image.png; path = "send-button-pressed.png"; sourceTree = "<group>"; };
		9C3DB974183CD64E000FCF8C /* send-button-pressed@2x.png */ = {isa = PBXFileReference; lastKnownFileType = image.png; path = "send-button-pressed@2x.png"; sourceTree = "<group>"; };
		9C3DB975183CD64E000FCF8C /* send-button.png */ = {isa = PBXFileReference; lastKnownFileType = image.png; path = "send-button.png"; sourceTree = "<group>"; };
		9C3DB976183CD64E000FCF8C /* send-button@2x.png */ = {isa = PBXFileReference; lastKnownFileType = image.png; path = "send-button@2x.png"; sourceTree = "<group>"; };
		9C3DB978183CD64E000FCF8C /* button-photo.png */ = {isa = PBXFileReference; lastKnownFileType = image.png; path = "button-photo.png"; sourceTree = "<group>"; };
		9C3DB979183CD64E000FCF8C /* button-photo@2x.png */ = {isa = PBXFileReference; lastKnownFileType = image.png; path = "button-photo@2x.png"; sourceTree = "<group>"; };
		9C3DB97A183CD64E000FCF8C /* input-bar-flat.png */ = {isa = PBXFileReference; lastKnownFileType = image.png; path = "input-bar-flat.png"; sourceTree = "<group>"; };
		9C3DB97B183CD64E000FCF8C /* input-bar-flat@2x.png */ = {isa = PBXFileReference; lastKnownFileType = image.png; path = "input-bar-flat@2x.png"; sourceTree = "<group>"; };
		9C3DB97D183CD64E000FCF8C /* message-received.aiff */ = {isa = PBXFileReference; lastKnownFileType = audio.aiff; path = "message-received.aiff"; sourceTree = "<group>"; };
		9C3DB97E183CD64E000FCF8C /* message-sent.aiff */ = {isa = PBXFileReference; lastKnownFileType = audio.aiff; path = "message-sent.aiff"; sourceTree = "<group>"; };
		9C8094A6183C882700491E89 /* KKMessagesViewController.app */ = {isa = PBXFileReference; explicitFileType = wrapper.application; includeInIndex = 0; path = KKMessagesViewController.app; sourceTree = BUILT_PRODUCTS_DIR; };
		9C8094A9183C882700491E89 /* Foundation.framework */ = {isa = PBXFileReference; lastKnownFileType = wrapper.framework; name = Foundation.framework; path = System/Library/Frameworks/Foundation.framework; sourceTree = SDKROOT; };
		9C8094AB183C882700491E89 /* CoreGraphics.framework */ = {isa = PBXFileReference; lastKnownFileType = wrapper.framework; name = CoreGraphics.framework; path = System/Library/Frameworks/CoreGraphics.framework; sourceTree = SDKROOT; };
		9C8094AD183C882700491E89 /* UIKit.framework */ = {isa = PBXFileReference; lastKnownFileType = wrapper.framework; name = UIKit.framework; path = System/Library/Frameworks/UIKit.framework; sourceTree = SDKROOT; };
		9C8094B1183C882700491E89 /* KKMessagesViewController-Info.plist */ = {isa = PBXFileReference; lastKnownFileType = text.plist.xml; path = "KKMessagesViewController-Info.plist"; sourceTree = "<group>"; };
		9C8094B3183C882700491E89 /* en */ = {isa = PBXFileReference; lastKnownFileType = text.plist.strings; name = en; path = en.lproj/InfoPlist.strings; sourceTree = "<group>"; };
		9C8094B5183C882700491E89 /* main.m */ = {isa = PBXFileReference; lastKnownFileType = sourcecode.c.objc; path = main.m; sourceTree = "<group>"; };
		9C8094B7183C882700491E89 /* KKMessagesViewController-Prefix.pch */ = {isa = PBXFileReference; lastKnownFileType = sourcecode.c.h; path = "KKMessagesViewController-Prefix.pch"; sourceTree = "<group>"; };
		9C8094B8183C882700491E89 /* KKAppDelegate.h */ = {isa = PBXFileReference; lastKnownFileType = sourcecode.c.h; path = KKAppDelegate.h; sourceTree = "<group>"; };
		9C8094B9183C882700491E89 /* KKAppDelegate.m */ = {isa = PBXFileReference; lastKnownFileType = sourcecode.c.objc; path = KKAppDelegate.m; sourceTree = "<group>"; };
		9C8094BB183C882700491E89 /* Images.xcassets */ = {isa = PBXFileReference; lastKnownFileType = folder.assetcatalog; path = Images.xcassets; sourceTree = "<group>"; };
		9C8094C1183C882800491E89 /* KKMessagesViewControllerTests.xctest */ = {isa = PBXFileReference; explicitFileType = wrapper.cfbundle; includeInIndex = 0; path = KKMessagesViewControllerTests.xctest; sourceTree = BUILT_PRODUCTS_DIR; };
		9C8094C2183C882800491E89 /* XCTest.framework */ = {isa = PBXFileReference; lastKnownFileType = wrapper.framework; name = XCTest.framework; path = Library/Frameworks/XCTest.framework; sourceTree = DEVELOPER_DIR; };
		9C8094CA183C882800491E89 /* KKMessagesViewControllerTests-Info.plist */ = {isa = PBXFileReference; lastKnownFileType = text.plist.xml; path = "KKMessagesViewControllerTests-Info.plist"; sourceTree = "<group>"; };
		9C8094CC183C882800491E89 /* en */ = {isa = PBXFileReference; lastKnownFileType = text.plist.strings; name = en; path = en.lproj/InfoPlist.strings; sourceTree = "<group>"; };
		9C8094CE183C882800491E89 /* KKMessagesViewControllerTests.m */ = {isa = PBXFileReference; lastKnownFileType = sourcecode.c.objc; path = KKMessagesViewControllerTests.m; sourceTree = "<group>"; };
		9C8094D8183C8DBA00491E89 /* KKDemoViewController.h */ = {isa = PBXFileReference; fileEncoding = 4; lastKnownFileType = sourcecode.c.h; path = KKDemoViewController.h; sourceTree = "<group>"; };
		9C8094D9183C8DBA00491E89 /* KKDemoViewController.m */ = {isa = PBXFileReference; fileEncoding = 4; lastKnownFileType = sourcecode.c.objc; path = KKDemoViewController.m; sourceTree = "<group>"; };
		9C8094E2183C946F00491E89 /* LICENSE */ = {isa = PBXFileReference; lastKnownFileType = text; path = LICENSE; sourceTree = "<group>"; };
		9C8094E3183C946F00491E89 /* README.md */ = {isa = PBXFileReference; lastKnownFileType = text; path = README.md; sourceTree = "<group>"; };
/* End PBXFileReference section */

/* Begin PBXFrameworksBuildPhase section */
		9C8094A3183C882700491E89 /* Frameworks */ = {
			isa = PBXFrameworksBuildPhase;
			buildActionMask = 2147483647;
			files = (
				9C8094AC183C882700491E89 /* CoreGraphics.framework in Frameworks */,
				9C8094AE183C882700491E89 /* UIKit.framework in Frameworks */,
				9C8094AA183C882700491E89 /* Foundation.framework in Frameworks */,
			);
			runOnlyForDeploymentPostprocessing = 0;
		};
		9C8094BE183C882800491E89 /* Frameworks */ = {
			isa = PBXFrameworksBuildPhase;
			buildActionMask = 2147483647;
			files = (
				9C8094C3183C882800491E89 /* XCTest.framework in Frameworks */,
				9C8094C5183C882800491E89 /* UIKit.framework in Frameworks */,
				9C8094C4183C882800491E89 /* Foundation.framework in Frameworks */,
			);
			runOnlyForDeploymentPostprocessing = 0;
		};
/* End PBXFrameworksBuildPhase section */

/* Begin PBXGroup section */
		9C3DB92D183CD64E000FCF8C /* Classes */ = {
			isa = PBXGroup;
			children = (
				9C3DB92E183CD64E000FCF8C /* Categories */,
				9C3DB937183CD64E000FCF8C /* Factories */,
				9C3DB946183CD64E000FCF8C /* KKMessagesViewController.h */,
				9C3DB947183CD64E000FCF8C /* KKMessagesViewController.m */,
				9C3DB944183CD64E000FCF8C /* KKMessageSoundEffect.h */,
				9C3DB945183CD64E000FCF8C /* KKMessageSoundEffect.m */,
				9C3DB93C183CD64E000FCF8C /* KKBubbleMessageCell.h */,
				9C3DB93D183CD64E000FCF8C /* KKBubbleMessageCell.m */,
				9C3DB93E183CD64E000FCF8C /* KKBubbleView.h */,
				9C3DB93F183CD64E000FCF8C /* KKBubbleView.m */,
				9C3DB940183CD64E000FCF8C /* KKDismissiveTextView.h */,
				9C3DB941183CD64E000FCF8C /* KKDismissiveTextView.m */,
				9C3DB948183CD64E000FCF8C /* KKMessageTextView.h */,
				9C3DB949183CD64E000FCF8C /* KKMessageTextView.m */,
				9C3DB942183CD64E000FCF8C /* KKMessageInputView.h */,
				9C3DB943183CD64E000FCF8C /* KKMessageInputView.m */,
			);
			path = Classes;
			sourceTree = "<group>";
		};
		9C3DB92E183CD64E000FCF8C /* Categories */ = {
			isa = PBXGroup;
			children = (
				9C3DB92F183CD64E000FCF8C /* NSString+KKMessagesView.h */,
				9C3DB930183CD64E000FCF8C /* NSString+KKMessagesView.m */,
				9C3DB931183CD64E000FCF8C /* UIButton+KKMessagesView.h */,
				9C3DB932183CD64E000FCF8C /* UIButton+KKMessagesView.m */,
				9C3DB933183CD64E000FCF8C /* UIColor+KKMessagesView.h */,
				9C3DB934183CD64E000FCF8C /* UIColor+KKMessagesView.m */,
				9C3DB935183CD64E000FCF8C /* UIImage+KKMessagesView.h */,
				9C3DB936183CD64E000FCF8C /* UIImage+KKMessagesView.m */,
			);
			path = Categories;
			sourceTree = "<group>";
		};
		9C3DB937183CD64E000FCF8C /* Factories */ = {
			isa = PBXGroup;
			children = (
				9C3DB938183CD64E000FCF8C /* KKAvatarImageFactory.h */,
				9C3DB939183CD64E000FCF8C /* KKAvatarImageFactory.m */,
				9C3DB93A183CD64E000FCF8C /* KKBubbleImageViewFactory.h */,
				9C3DB93B183CD64E000FCF8C /* KKBubbleImageViewFactory.m */,
			);
			path = Factories;
			sourceTree = "<group>";
		};
		9C3DB94A183CD64E000FCF8C /* Resources */ = {
			isa = PBXGroup;
			children = (
				9C3DB94B183CD64E000FCF8C /* Images */,
				9C3DB97C183CD64E000FCF8C /* Sounds */,
			);
			path = Resources;
			sourceTree = "<group>";
		};
		9C3DB94B183CD64E000FCF8C /* Images */ = {
			isa = PBXGroup;
			children = (
				9C3DB94C183CD64E000FCF8C /* avatar */,
				9C3DB94F183CD64E000FCF8C /* bubble-classic */,
				9C3DB95A183CD64E000FCF8C /* bubble-classic-square */,
				9C3DB961183CD64E000FCF8C /* bubble-flat */,
				9C3DB96E183CD64E000FCF8C /* input-bar-classic */,
				9C3DB977183CD64E000FCF8C /* input-bar-flat */,
			);
			path = Images;
			sourceTree = "<group>";
		};
		9C3DB94C183CD64E000FCF8C /* avatar */ = {
			isa = PBXGroup;
			children = (
				9C3DB94D183CD64E000FCF8C /* avatar-placeholder.png */,
				9C3DB94E183CD64E000FCF8C /* avatar-placeholder@2x.png */,
			);
			path = avatar;
			sourceTree = "<group>";
		};
		9C3DB94F183CD64E000FCF8C /* bubble-classic */ = {
			isa = PBXGroup;
			children = (
				9C3DB950183CD64E000FCF8C /* bubble-classic-blue.png */,
				9C3DB951183CD64E000FCF8C /* bubble-classic-blue@2x.png */,
				9C3DB952183CD64E000FCF8C /* bubble-classic-gray.png */,
				9C3DB953183CD64E000FCF8C /* bubble-classic-gray@2x.png */,
				9C3DB954183CD64E000FCF8C /* bubble-classic-green.png */,
				9C3DB955183CD64E000FCF8C /* bubble-classic-green@2x.png */,
				9C3DB956183CD64E000FCF8C /* bubble-classic-selected.png */,
				9C3DB957183CD64E000FCF8C /* bubble-classic-selected@2x.png */,
				9C3DB958183CD64E000FCF8C /* bubble-classic-typing.png */,
				9C3DB959183CD64E000FCF8C /* bubble-classic-typing@2x.png */,
			);
			path = "bubble-classic";
			sourceTree = "<group>";
		};
		9C3DB95A183CD64E000FCF8C /* bubble-classic-square */ = {
			isa = PBXGroup;
			children = (
				9C3DB95B183CD64E000FCF8C /* bubble-classic-square-blue.png */,
				9C3DB95C183CD64E000FCF8C /* bubble-classic-square-blue@2x.png */,
				9C3DB95D183CD64E000FCF8C /* bubble-classic-square-gray.png */,
				9C3DB95E183CD64E000FCF8C /* bubble-classic-square-gray@2x.png */,
				9C3DB95F183CD64E000FCF8C /* bubble-classic-square-selected.png */,
				9C3DB960183CD64E000FCF8C /* bubble-classic-square-selected@2x.png */,
			);
			path = "bubble-classic-square";
			sourceTree = "<group>";
		};
		9C3DB961183CD64E000FCF8C /* bubble-flat */ = {
			isa = PBXGroup;
			children = (
				9C3DB962183CD64E000FCF8C /* bubble-min-tailless.png */,
				9C3DB963183CD64E000FCF8C /* bubble-min-tailless@2x.png */,
				9C3DB964183CD64E000FCF8C /* bubble-min.png */,
				9C3DB965183CD64E000FCF8C /* bubble-min@2x.png */,
				9C3DB966183CD64E000FCF8C /* bubble-stroked-tailless.png */,
				9C3DB967183CD64E000FCF8C /* bubble-stroked-tailless@2x.png */,
				9C3DB968183CD64E000FCF8C /* bubble-stroked.png */,
				9C3DB969183CD64E000FCF8C /* bubble-stroked@2x.png */,
				9C3DB96A183CD64E000FCF8C /* bubble-tailless.png */,
				9C3DB96B183CD64E000FCF8C /* bubble-tailless@2x.png */,
				9C3DB96C183CD64E000FCF8C /* bubble.png */,
				9C3DB96D183CD64E000FCF8C /* bubble@2x.png */,
			);
			path = "bubble-flat";
			sourceTree = "<group>";
		};
		9C3DB96E183CD64E000FCF8C /* input-bar-classic */ = {
			isa = PBXGroup;
			children = (
				9C3DB96F183CD64E000FCF8C /* input-bar-background.png */,
				9C3DB970183CD64E000FCF8C /* input-bar-background@2x.png */,
				9C3DB971183CD64E000FCF8C /* input-field-cover.png */,
				9C3DB972183CD64E000FCF8C /* input-field-cover@2x.png */,
				9C3DB973183CD64E000FCF8C /* send-button-pressed.png */,
				9C3DB974183CD64E000FCF8C /* send-button-pressed@2x.png */,
				9C3DB975183CD64E000FCF8C /* send-button.png */,
				9C3DB976183CD64E000FCF8C /* send-button@2x.png */,
			);
			path = "input-bar-classic";
			sourceTree = "<group>";
		};
		9C3DB977183CD64E000FCF8C /* input-bar-flat */ = {
			isa = PBXGroup;
			children = (
				9C3DB978183CD64E000FCF8C /* button-photo.png */,
				9C3DB979183CD64E000FCF8C /* button-photo@2x.png */,
				9C3DB97A183CD64E000FCF8C /* input-bar-flat.png */,
				9C3DB97B183CD64E000FCF8C /* input-bar-flat@2x.png */,
			);
			path = "input-bar-flat";
			sourceTree = "<group>";
		};
		9C3DB97C183CD64E000FCF8C /* Sounds */ = {
			isa = PBXGroup;
			children = (
				9C3DB97D183CD64E000FCF8C /* message-received.aiff */,
				9C3DB97E183CD64E000FCF8C /* message-sent.aiff */,
			);
			path = Sounds;
			sourceTree = "<group>";
		};
		9C80949D183C882700491E89 = {
			isa = PBXGroup;
			children = (
				9C8094E2183C946F00491E89 /* LICENSE */,
				9C8094E3183C946F00491E89 /* README.md */,
				9C8094DC183C93B000491E89 /* Classes */,
				9C8094AF183C882700491E89 /* KKMessagesViewController */,
				9C8094C8183C882800491E89 /* KKMessagesViewControllerTests */,
				9C8094A8183C882700491E89 /* Frameworks */,
				9C8094A7183C882700491E89 /* Products */,
			);
			sourceTree = "<group>";
		};
		9C8094A7183C882700491E89 /* Products */ = {
			isa = PBXGroup;
			children = (
				9C8094A6183C882700491E89 /* KKMessagesViewController.app */,
				9C8094C1183C882800491E89 /* KKMessagesViewControllerTests.xctest */,
			);
			name = Products;
			sourceTree = "<group>";
		};
		9C8094A8183C882700491E89 /* Frameworks */ = {
			isa = PBXGroup;
			children = (
				9C8094A9183C882700491E89 /* Foundation.framework */,
				9C8094AB183C882700491E89 /* CoreGraphics.framework */,
				9C8094AD183C882700491E89 /* UIKit.framework */,
				9C8094C2183C882800491E89 /* XCTest.framework */,
			);
			name = Frameworks;
			sourceTree = "<group>";
		};
		9C8094AF183C882700491E89 /* KKMessagesViewController */ = {
			isa = PBXGroup;
			children = (
				9C8094B8183C882700491E89 /* KKAppDelegate.h */,
				9C8094B9183C882700491E89 /* KKAppDelegate.m */,
				9C8094BB183C882700491E89 /* Images.xcassets */,
				9C8094B0183C882700491E89 /* Supporting Files */,
				9C8094D8183C8DBA00491E89 /* KKDemoViewController.h */,
				9C8094D9183C8DBA00491E89 /* KKDemoViewController.m */,
			);
			path = KKMessagesViewController;
			sourceTree = "<group>";
		};
		9C8094B0183C882700491E89 /* Supporting Files */ = {
			isa = PBXGroup;
			children = (
				9C8094B1183C882700491E89 /* KKMessagesViewController-Info.plist */,
				9C8094B2183C882700491E89 /* InfoPlist.strings */,
				9C8094B5183C882700491E89 /* main.m */,
				9C8094B7183C882700491E89 /* KKMessagesViewController-Prefix.pch */,
			);
			name = "Supporting Files";
			sourceTree = "<group>";
		};
		9C8094C8183C882800491E89 /* KKMessagesViewControllerTests */ = {
			isa = PBXGroup;
			children = (
				9C8094CE183C882800491E89 /* KKMessagesViewControllerTests.m */,
				9C8094C9183C882800491E89 /* Supporting Files */,
			);
			path = KKMessagesViewControllerTests;
			sourceTree = "<group>";
		};
		9C8094C9183C882800491E89 /* Supporting Files */ = {
			isa = PBXGroup;
			children = (
				9C8094CA183C882800491E89 /* KKMessagesViewControllerTests-Info.plist */,
				9C8094CB183C882800491E89 /* InfoPlist.strings */,
			);
			name = "Supporting Files";
			sourceTree = "<group>";
		};
		9C8094DC183C93B000491E89 /* Classes */ = {
			isa = PBXGroup;
			children = (
				9C3DB94A183CD64E000FCF8C /* Resources */,
				9C3DB92D183CD64E000FCF8C /* Classes */,
			);
			path = Classes;
			sourceTree = "<group>";
		};
/* End PBXGroup section */

/* Begin PBXNativeTarget section */
		9C8094A5183C882700491E89 /* KKMessagesViewController */ = {
			isa = PBXNativeTarget;
			buildConfigurationList = 9C8094D2183C882800491E89 /* Build configuration list for PBXNativeTarget "KKMessagesViewController" */;
			buildPhases = (
				9C8094A2183C882700491E89 /* Sources */,
				9C8094A3183C882700491E89 /* Frameworks */,
				9C8094A4183C882700491E89 /* Resources */,
			);
			buildRules = (
			);
			dependencies = (
			);
			name = KKMessagesViewController;
			productName = KKMessagesViewController;
			productReference = 9C8094A6183C882700491E89 /* KKMessagesViewController.app */;
			productType = "com.apple.product-type.application";
		};
		9C8094C0183C882800491E89 /* KKMessagesViewControllerTests */ = {
			isa = PBXNativeTarget;
			buildConfigurationList = 9C8094D5183C882800491E89 /* Build configuration list for PBXNativeTarget "KKMessagesViewControllerTests" */;
			buildPhases = (
				9C8094BD183C882800491E89 /* Sources */,
				9C8094BE183C882800491E89 /* Frameworks */,
				9C8094BF183C882800491E89 /* Resources */,
			);
			buildRules = (
			);
			dependencies = (
				9C8094C7183C882800491E89 /* PBXTargetDependency */,
			);
			name = KKMessagesViewControllerTests;
			productName = KKMessagesViewControllerTests;
			productReference = 9C8094C1183C882800491E89 /* KKMessagesViewControllerTests.xctest */;
			productType = "com.apple.product-type.bundle.unit-test";
		};
/* End PBXNativeTarget section */

/* Begin PBXProject section */
		9C80949E183C882700491E89 /* Project object */ = {
			isa = PBXProject;
			attributes = {
				CLASSPREFIX = KK;
				LastUpgradeCheck = 0500;
				ORGANIZATIONNAME = "Kevin Kwon";
				TargetAttributes = {
					9C8094C0183C882800491E89 = {
						TestTargetID = 9C8094A5183C882700491E89;
					};
				};
			};
			buildConfigurationList = 9C8094A1183C882700491E89 /* Build configuration list for PBXProject "KKMessagesViewController" */;
			compatibilityVersion = "Xcode 3.2";
			developmentRegion = English;
			hasScannedForEncodings = 0;
			knownRegions = (
				en,
			);
			mainGroup = 9C80949D183C882700491E89;
			productRefGroup = 9C8094A7183C882700491E89 /* Products */;
			projectDirPath = "";
			projectRoot = "";
			targets = (
				9C8094A5183C882700491E89 /* KKMessagesViewController */,
				9C8094C0183C882800491E89 /* KKMessagesViewControllerTests */,
			);
		};
/* End PBXProject section */

/* Begin PBXResourcesBuildPhase section */
		9C8094A4183C882700491E89 /* Resources */ = {
			isa = PBXResourcesBuildPhase;
			buildActionMask = 2147483647;
			files = (
				9C3DB9A4183CD64E000FCF8C /* bubble-stroked.png in Resources */,
				9C3DB997183CD64E000FCF8C /* bubble-classic-typing@2x.png in Resources */,
				9C3DB990183CD64E000FCF8C /* bubble-classic-gray.png in Resources */,
				9C3DB98C183CD64E000FCF8C /* avatar-placeholder.png in Resources */,
				9C3DB9AE183CD64E000FCF8C /* send-button-pressed.png in Resources */,
				9C3DB9A1183CD64E000FCF8C /* bubble-min@2x.png in Resources */,
				9C3DB9AB183CD64E000FCF8C /* input-bar-background@2x.png in Resources */,
				9C3DB992183CD64E000FCF8C /* bubble-classic-green.png in Resources */,
				9C3DB99A183CD64E000FCF8C /* bubble-classic-square-gray.png in Resources */,
				9C3DB9B6183CD64E000FCF8C /* message-received.aiff in Resources */,
				9C3DB999183CD64E000FCF8C /* bubble-classic-square-blue@2x.png in Resources */,
				9C3DB9B1183CD64E000FCF8C /* send-button@2x.png in Resources */,
				9C3DB9B0183CD64E000FCF8C /* send-button.png in Resources */,
				9C3DB9B5183CD64E000FCF8C /* input-bar-flat@2x.png in Resources */,
				9C3DB9B4183CD64E000FCF8C /* input-bar-flat.png in Resources */,
				9C3DB994183CD64E000FCF8C /* bubble-classic-selected.png in Resources */,
				9C3DB9B2183CD64E000FCF8C /* button-photo.png in Resources */,
				9C3DB9A3183CD64E000FCF8C /* bubble-stroked-tailless@2x.png in Resources */,
				9C3DB9A2183CD64E000FCF8C /* bubble-stroked-tailless.png in Resources */,
				9C3DB99C183CD64E000FCF8C /* bubble-classic-square-selected.png in Resources */,
				9C3DB9B3183CD64E000FCF8C /* button-photo@2x.png in Resources */,
				9C3DB99F183CD64E000FCF8C /* bubble-min-tailless@2x.png in Resources */,
				9C3DB9AD183CD64E000FCF8C /* input-field-cover@2x.png in Resources */,
				9C3DB996183CD64E000FCF8C /* bubble-classic-typing.png in Resources */,
				9C3DB99E183CD64E000FCF8C /* bubble-min-tailless.png in Resources */,
				9C3DB99D183CD64E000FCF8C /* bubble-classic-square-selected@2x.png in Resources */,
				9C3DB991183CD64E000FCF8C /* bubble-classic-gray@2x.png in Resources */,
				9C3DB99B183CD64E000FCF8C /* bubble-classic-square-gray@2x.png in Resources */,
				9C3DB98D183CD64E000FCF8C /* avatar-placeholder@2x.png in Resources */,
				9C3DB9A5183CD64E000FCF8C /* bubble-stroked@2x.png in Resources */,
				9C3DB998183CD64E000FCF8C /* bubble-classic-square-blue.png in Resources */,
				9C3DB9A7183CD64E000FCF8C /* bubble-tailless@2x.png in Resources */,
				9C3DB9A9183CD64E000FCF8C /* bubble@2x.png in Resources */,
				9C3DB993183CD64E000FCF8C /* bubble-classic-green@2x.png in Resources */,
				9C3DB9A8183CD64E000FCF8C /* bubble.png in Resources */,
				9C3DB9B7183CD64E000FCF8C /* message-sent.aiff in Resources */,
				9C3DB98E183CD64E000FCF8C /* bubble-classic-blue.png in Resources */,
				9C3DB9A0183CD64E000FCF8C /* bubble-min.png in Resources */,
				9C3DB9AC183CD64E000FCF8C /* input-field-cover.png in Resources */,
				9C3DB9AA183CD64E000FCF8C /* input-bar-background.png in Resources */,
				9C3DB995183CD64E000FCF8C /* bubble-classic-selected@2x.png in Resources */,
				9C3DB9A6183CD64E000FCF8C /* bubble-tailless.png in Resources */,
				9C3DB98F183CD64E000FCF8C /* bubble-classic-blue@2x.png in Resources */,
				9C3DB9AF183CD64E000FCF8C /* send-button-pressed@2x.png in Resources */,
				9C8094B4183C882700491E89 /* InfoPlist.strings in Resources */,
				9C8094BC183C882700491E89 /* Images.xcassets in Resources */,
			);
			runOnlyForDeploymentPostprocessing = 0;
		};
		9C8094BF183C882800491E89 /* Resources */ = {
			isa = PBXResourcesBuildPhase;
			buildActionMask = 2147483647;
			files = (
				9C8094CD183C882800491E89 /* InfoPlist.strings in Resources */,
			);
			runOnlyForDeploymentPostprocessing = 0;
		};
/* End PBXResourcesBuildPhase section */

/* Begin PBXSourcesBuildPhase section */
		9C8094A2183C882700491E89 /* Sources */ = {
			isa = PBXSourcesBuildPhase;
			buildActionMask = 2147483647;
			files = (
				9C3DB98B183CD64E000FCF8C /* KKMessageTextView.m in Sources */,
				9C3DB985183CD64E000FCF8C /* KKBubbleMessageCell.m in Sources */,
				9C3DB988183CD64E000FCF8C /* KKMessageInputView.m in Sources */,
				9C3DB983183CD64E000FCF8C /* KKAvatarImageFactory.m in Sources */,
				9C3DB987183CD64E000FCF8C /* KKDismissiveTextView.m in Sources */,
				9C3DB986183CD64E000FCF8C /* KKBubbleView.m in Sources */,
				9C8094DA183C8DBA00491E89 /* KKDemoViewController.m in Sources */,
				9C3DB981183CD64E000FCF8C /* UIColor+KKMessagesView.m in Sources */,
				9C3DB984183CD64E000FCF8C /* KKBubbleImageViewFactory.m in Sources */,
				9C8094BA183C882700491E89 /* KKAppDelegate.m in Sources */,
				9C3DB982183CD64E000FCF8C /* UIImage+KKMessagesView.m in Sources */,
				9C3DB98A183CD64E000FCF8C /* KKMessagesViewController.m in Sources */,
				9C8094B6183C882700491E89 /* main.m in Sources */,
				9C3DB989183CD64E000FCF8C /* KKMessageSoundEffect.m in Sources */,
				9C3DB97F183CD64E000FCF8C /* NSString+KKMessagesView.m in Sources */,
				9C3DB980183CD64E000FCF8C /* UIButton+KKMessagesView.m in Sources */,
			);
			runOnlyForDeploymentPostprocessing = 0;
		};
		9C8094BD183C882800491E89 /* Sources */ = {
			isa = PBXSourcesBuildPhase;
			buildActionMask = 2147483647;
			files = (
				9C8094CF183C882800491E89 /* KKMessagesViewControllerTests.m in Sources */,
			);
			runOnlyForDeploymentPostprocessing = 0;
		};
/* End PBXSourcesBuildPhase section */

/* Begin PBXTargetDependency section */
		9C8094C7183C882800491E89 /* PBXTargetDependency */ = {
			isa = PBXTargetDependency;
			target = 9C8094A5183C882700491E89 /* KKMessagesViewController */;
			targetProxy = 9C8094C6183C882800491E89 /* PBXContainerItemProxy */;
		};
/* End PBXTargetDependency section */

/* Begin PBXVariantGroup section */
		9C8094B2183C882700491E89 /* InfoPlist.strings */ = {
			isa = PBXVariantGroup;
			children = (
				9C8094B3183C882700491E89 /* en */,
			);
			name = InfoPlist.strings;
			sourceTree = "<group>";
		};
		9C8094CB183C882800491E89 /* InfoPlist.strings */ = {
			isa = PBXVariantGroup;
			children = (
				9C8094CC183C882800491E89 /* en */,
			);
			name = InfoPlist.strings;
			sourceTree = "<group>";
		};
/* End PBXVariantGroup section */

/* Begin XCBuildConfiguration section */
		9C8094D0183C882800491E89 /* Debug */ = {
			isa = XCBuildConfiguration;
			buildSettings = {
				ALWAYS_SEARCH_USER_PATHS = NO;
				ARCHS = "$(ARCHS_STANDARD_INCLUDING_64_BIT)";
				CLANG_CXX_LANGUAGE_STANDARD = "gnu++0x";
				CLANG_CXX_LIBRARY = "libc++";
				CLANG_ENABLE_MODULES = YES;
				CLANG_ENABLE_OBJC_ARC = YES;
				CLANG_WARN_BOOL_CONVERSION = YES;
				CLANG_WARN_CONSTANT_CONVERSION = YES;
				CLANG_WARN_DIRECT_OBJC_ISA_USAGE = YES_ERROR;
				CLANG_WARN_EMPTY_BODY = YES;
				CLANG_WARN_ENUM_CONVERSION = YES;
				CLANG_WARN_INT_CONVERSION = YES;
				CLANG_WARN_OBJC_ROOT_CLASS = YES_ERROR;
				CLANG_WARN__DUPLICATE_METHOD_MATCH = YES;
				"CODE_SIGN_IDENTITY[sdk=iphoneos*]" = "iPhone Developer";
				COPY_PHASE_STRIP = NO;
				GCC_C_LANGUAGE_STANDARD = gnu99;
				GCC_DYNAMIC_NO_PIC = NO;
				GCC_OPTIMIZATION_LEVEL = 0;
				GCC_PREPROCESSOR_DEFINITIONS = (
					"DEBUG=1",
					"$(inherited)",
				);
				GCC_SYMBOLS_PRIVATE_EXTERN = NO;
				GCC_WARN_64_TO_32_BIT_CONVERSION = YES;
				GCC_WARN_ABOUT_RETURN_TYPE = YES_ERROR;
				GCC_WARN_UNDECLARED_SELECTOR = YES;
				GCC_WARN_UNINITIALIZED_AUTOS = YES;
				GCC_WARN_UNUSED_FUNCTION = YES;
				GCC_WARN_UNUSED_VARIABLE = YES;
				IPHONEOS_DEPLOYMENT_TARGET = 5.0;
				ONLY_ACTIVE_ARCH = YES;
				SDKROOT = iphoneos;
				TARGETED_DEVICE_FAMILY = "1,2";
			};
			name = Debug;
		};
		9C8094D1183C882800491E89 /* Release */ = {
			isa = XCBuildConfiguration;
			buildSettings = {
				ALWAYS_SEARCH_USER_PATHS = NO;
				ARCHS = "$(ARCHS_STANDARD_INCLUDING_64_BIT)";
				CLANG_CXX_LANGUAGE_STANDARD = "gnu++0x";
				CLANG_CXX_LIBRARY = "libc++";
				CLANG_ENABLE_MODULES = YES;
				CLANG_ENABLE_OBJC_ARC = YES;
				CLANG_WARN_BOOL_CONVERSION = YES;
				CLANG_WARN_CONSTANT_CONVERSION = YES;
				CLANG_WARN_DIRECT_OBJC_ISA_USAGE = YES_ERROR;
				CLANG_WARN_EMPTY_BODY = YES;
				CLANG_WARN_ENUM_CONVERSION = YES;
				CLANG_WARN_INT_CONVERSION = YES;
				CLANG_WARN_OBJC_ROOT_CLASS = YES_ERROR;
				CLANG_WARN__DUPLICATE_METHOD_MATCH = YES;
				"CODE_SIGN_IDENTITY[sdk=iphoneos*]" = "iPhone Developer";
				COPY_PHASE_STRIP = YES;
				ENABLE_NS_ASSERTIONS = NO;
				GCC_C_LANGUAGE_STANDARD = gnu99;
				GCC_WARN_64_TO_32_BIT_CONVERSION = YES;
				GCC_WARN_ABOUT_RETURN_TYPE = YES_ERROR;
				GCC_WARN_UNDECLARED_SELECTOR = YES;
				GCC_WARN_UNINITIALIZED_AUTOS = YES;
				GCC_WARN_UNUSED_FUNCTION = YES;
				GCC_WARN_UNUSED_VARIABLE = YES;
				IPHONEOS_DEPLOYMENT_TARGET = 5.0;
				SDKROOT = iphoneos;
				TARGETED_DEVICE_FAMILY = "1,2";
				VALIDATE_PRODUCT = YES;
			};
			name = Release;
		};
		9C8094D3183C882800491E89 /* Debug */ = {
			isa = XCBuildConfiguration;
			buildSettings = {
				ASSETCATALOG_COMPILER_APPICON_NAME = AppIcon;
				ASSETCATALOG_COMPILER_LAUNCHIMAGE_NAME = LaunchImage;
				GCC_PRECOMPILE_PREFIX_HEADER = YES;
				GCC_PREFIX_HEADER = "KKMessagesViewController/KKMessagesViewController-Prefix.pch";
				INFOPLIST_FILE = "KKMessagesViewController/KKMessagesViewController-Info.plist";
				PRODUCT_NAME = "$(TARGET_NAME)";
				WRAPPER_EXTENSION = app;
			};
			name = Debug;
		};
		9C8094D4183C882800491E89 /* Release */ = {
			isa = XCBuildConfiguration;
			buildSettings = {
				ASSETCATALOG_COMPILER_APPICON_NAME = AppIcon;
				ASSETCATALOG_COMPILER_LAUNCHIMAGE_NAME = LaunchImage;
				GCC_PRECOMPILE_PREFIX_HEADER = YES;
				GCC_PREFIX_HEADER = "KKMessagesViewController/KKMessagesViewController-Prefix.pch";
				INFOPLIST_FILE = "KKMessagesViewController/KKMessagesViewController-Info.plist";
				PRODUCT_NAME = "$(TARGET_NAME)";
				WRAPPER_EXTENSION = app;
			};
			name = Release;
		};
		9C8094D6183C882800491E89 /* Debug */ = {
			isa = XCBuildConfiguration;
			buildSettings = {
				ARCHS = "$(ARCHS_STANDARD_INCLUDING_64_BIT)";
				BUNDLE_LOADER = "$(BUILT_PRODUCTS_DIR)/KKMessagesViewController.app/KKMessagesViewController";
				FRAMEWORK_SEARCH_PATHS = (
					"$(SDKROOT)/Developer/Library/Frameworks",
					"$(inherited)",
					"$(DEVELOPER_FRAMEWORKS_DIR)",
				);
				GCC_PRECOMPILE_PREFIX_HEADER = YES;
				GCC_PREFIX_HEADER = "KKMessagesViewController/KKMessagesViewController-Prefix.pch";
				GCC_PREPROCESSOR_DEFINITIONS = (
					"DEBUG=1",
					"$(inherited)",
				);
				INFOPLIST_FILE = "KKMessagesViewControllerTests/KKMessagesViewControllerTests-Info.plist";
				PRODUCT_NAME = "$(TARGET_NAME)";
				TEST_HOST = "$(BUNDLE_LOADER)";
				WRAPPER_EXTENSION = xctest;
			};
			name = Debug;
		};
		9C8094D7183C882800491E89 /* Release */ = {
			isa = XCBuildConfiguration;
			buildSettings = {
				ARCHS = "$(ARCHS_STANDARD_INCLUDING_64_BIT)";
				BUNDLE_LOADER = "$(BUILT_PRODUCTS_DIR)/KKMessagesViewController.app/KKMessagesViewController";
				FRAMEWORK_SEARCH_PATHS = (
					"$(SDKROOT)/Developer/Library/Frameworks",
					"$(inherited)",
					"$(DEVELOPER_FRAMEWORKS_DIR)",
				);
				GCC_PRECOMPILE_PREFIX_HEADER = YES;
				GCC_PREFIX_HEADER = "KKMessagesViewController/KKMessagesViewController-Prefix.pch";
				INFOPLIST_FILE = "KKMessagesViewControllerTests/KKMessagesViewControllerTests-Info.plist";
				PRODUCT_NAME = "$(TARGET_NAME)";
				TEST_HOST = "$(BUNDLE_LOADER)";
				WRAPPER_EXTENSION = xctest;
			};
			name = Release;
		};
/* End XCBuildConfiguration section */

/* Begin XCConfigurationList section */
		9C8094A1183C882700491E89 /* Build configuration list for PBXProject "KKMessagesViewController" */ = {
			isa = XCConfigurationList;
			buildConfigurations = (
				9C8094D0183C882800491E89 /* Debug */,
				9C8094D1183C882800491E89 /* Release */,
			);
			defaultConfigurationIsVisible = 0;
			defaultConfigurationName = Release;
		};
		9C8094D2183C882800491E89 /* Build configuration list for PBXNativeTarget "KKMessagesViewController" */ = {
			isa = XCConfigurationList;
			buildConfigurations = (
				9C8094D3183C882800491E89 /* Debug */,
				9C8094D4183C882800491E89 /* Release */,
			);
			defaultConfigurationIsVisible = 0;
			defaultConfigurationName = Release;
		};
		9C8094D5183C882800491E89 /* Build configuration list for PBXNativeTarget "KKMessagesViewControllerTests" */ = {
			isa = XCConfigurationList;
			buildConfigurations = (
				9C8094D6183C882800491E89 /* Debug */,
				9C8094D7183C882800491E89 /* Release */,
			);
			defaultConfigurationIsVisible = 0;
			defaultConfigurationName = Release;
		};
/* End XCConfigurationList section */
	};
	rootObject = 9C80949E183C882700491E89 /* Project object */;
}
