// !$*UTF8*$!
{
	archiveVersion = 1;
	classes = {
	};
	objectVersion = 46;
	objects = {

/* Begin PBXBuildFile section */
		9C8094AA183C882700491E89 /* Foundation.framework in Frameworks */ = {isa = PBXBuildFile; fileRef = 9C8094A9183C882700491E89 /* Foundation.framework */; };
		9C8094AC183C882700491E89 /* CoreGraphics.framework in Frameworks */ = {isa = PBXBuildFile; fileRef = 9C8094AB183C882700491E89 /* CoreGraphics.framework */; };
		9C8094AE183C882700491E89 /* UIKit.framework in Frameworks */ = {isa = PBXBuildFile; fileRef = 9C8094AD183C882700491E89 /* UIKit.framework */; };
		9C8094B4183C882700491E89 /* InfoPlist.strings in Resources */ = {isa = PBXBuildFile; fileRef = 9C8094B2183C882700491E89 /* InfoPlist.strings */; };
		9C8094B6183C882700491E89 /* main.m in Sources */ = {isa = PBXBuildFile; fileRef = 9C8094B5183C882700491E89 /* main.m */; };
		9C8094BA183C882700491E89 /* KKAppDelegate.m in Sources */ = {isa = PBXBuildFile; fileRef = 9C8094B9183C882700491E89 /* KKAppDelegate.m */; };
		9C8094BC183C882700491E89 /* Images.xcassets in Resources */ = {isa = PBXBuildFile; fileRef = 9C8094BB183C882700491E89 /* Images.xcassets */; };
		9C8094C3183C882800491E89 /* XCTest.framework in Frameworks */ = {isa = PBXBuildFile; fileRef = 9C8094C2183C882800491E89 /* XCTest.framework */; };
		9C8094C4183C882800491E89 /* Foundation.framework in Frameworks */ = {isa = PBXBuildFile; fileRef = 9C8094A9183C882700491E89 /* Foundation.framework */; };
		9C8094C5183C882800491E89 /* UIKit.framework in Frameworks */ = {isa = PBXBuildFile; fileRef = 9C8094AD183C882700491E89 /* UIKit.framework */; };
		9C8094CD183C882800491E89 /* InfoPlist.strings in Resources */ = {isa = PBXBuildFile; fileRef = 9C8094CB183C882800491E89 /* InfoPlist.strings */; };
		9C8094CF183C882800491E89 /* KKMessagesViewControllerTests.m in Sources */ = {isa = PBXBuildFile; fileRef = 9C8094CE183C882800491E89 /* KKMessagesViewControllerTests.m */; };
		9C8094DA183C8DBA00491E89 /* KKDemoViewController.m in Sources */ = {isa = PBXBuildFile; fileRef = 9C8094D9183C8DBA00491E89 /* KKDemoViewController.m */; };
		9CE7F110183DEDCD00A013CF /* NSString+KKMessageView.m in Sources */ = {isa = PBXBuildFile; fileRef = 9CE7F10F183DEDCD00A013CF /* NSString+KKMessageView.m */; };
		9CE7F166183DF00D00A013CF /* NSString+JSMessagesView.m in Sources */ = {isa = PBXBuildFile; fileRef = 9CE7F115183DF00D00A013CF /* NSString+JSMessagesView.m */; };
		9CE7F167183DF00D00A013CF /* UIButton+JSMessagesView.m in Sources */ = {isa = PBXBuildFile; fileRef = 9CE7F117183DF00D00A013CF /* UIButton+JSMessagesView.m */; };
		9CE7F168183DF00D00A013CF /* UIColor+JSMessagesView.m in Sources */ = {isa = PBXBuildFile; fileRef = 9CE7F119183DF00D00A013CF /* UIColor+JSMessagesView.m */; };
		9CE7F169183DF00D00A013CF /* UIImage+JSMessagesView.m in Sources */ = {isa = PBXBuildFile; fileRef = 9CE7F11B183DF00D00A013CF /* UIImage+JSMessagesView.m */; };
		9CE7F16A183DF00D00A013CF /* JSAvatarImageFactory.m in Sources */ = {isa = PBXBuildFile; fileRef = 9CE7F11E183DF00D00A013CF /* JSAvatarImageFactory.m */; };
		9CE7F16B183DF00D00A013CF /* JSBubbleImageViewFactory.m in Sources */ = {isa = PBXBuildFile; fileRef = 9CE7F120183DF00D00A013CF /* JSBubbleImageViewFactory.m */; };
		9CE7F16C183DF00D00A013CF /* JSBubbleMessageCell.m in Sources */ = {isa = PBXBuildFile; fileRef = 9CE7F122183DF00D00A013CF /* JSBubbleMessageCell.m */; };
		9CE7F16D183DF00D00A013CF /* JSBubbleView.m in Sources */ = {isa = PBXBuildFile; fileRef = 9CE7F124183DF00D00A013CF /* JSBubbleView.m */; };
		9CE7F16E183DF00D00A013CF /* JSDismissiveTextView.m in Sources */ = {isa = PBXBuildFile; fileRef = 9CE7F126183DF00D00A013CF /* JSDismissiveTextView.m */; };
		9CE7F16F183DF00D00A013CF /* JSMessageInputView.m in Sources */ = {isa = PBXBuildFile; fileRef = 9CE7F128183DF00D00A013CF /* JSMessageInputView.m */; };
		9CE7F170183DF00D00A013CF /* JSMessageSoundEffect.m in Sources */ = {isa = PBXBuildFile; fileRef = 9CE7F12A183DF00D00A013CF /* JSMessageSoundEffect.m */; };
		9CE7F171183DF00D00A013CF /* JSMessagesViewController.m in Sources */ = {isa = PBXBuildFile; fileRef = 9CE7F12C183DF00D00A013CF /* JSMessagesViewController.m */; };
		9CE7F172183DF00D00A013CF /* JSMessageTextView.m in Sources */ = {isa = PBXBuildFile; fileRef = 9CE7F12E183DF00D00A013CF /* JSMessageTextView.m */; };
		9CE7F173183DF00D00A013CF /* LICENSE.txt in Resources */ = {isa = PBXBuildFile; fileRef = 9CE7F12F183DF00D00A013CF /* LICENSE.txt */; };
		9CE7F174183DF00D00A013CF /* README.md in Resources */ = {isa = PBXBuildFile; fileRef = 9CE7F130183DF00D00A013CF /* README.md */; };
		9CE7F175183DF00D00A013CF /* avatar-placeholder.png in Resources */ = {isa = PBXBuildFile; fileRef = 9CE7F134183DF00D00A013CF /* avatar-placeholder.png */; };
		9CE7F176183DF00D00A013CF /* avatar-placeholder@2x.png in Resources */ = {isa = PBXBuildFile; fileRef = 9CE7F135183DF00D00A013CF /* avatar-placeholder@2x.png */; };
		9CE7F177183DF00D00A013CF /* bubble-classic-blue.png in Resources */ = {isa = PBXBuildFile; fileRef = 9CE7F137183DF00D00A013CF /* bubble-classic-blue.png */; };
		9CE7F178183DF00D00A013CF /* bubble-classic-blue@2x.png in Resources */ = {isa = PBXBuildFile; fileRef = 9CE7F138183DF00D00A013CF /* bubble-classic-blue@2x.png */; };
		9CE7F179183DF00D00A013CF /* bubble-classic-gray.png in Resources */ = {isa = PBXBuildFile; fileRef = 9CE7F139183DF00D00A013CF /* bubble-classic-gray.png */; };
		9CE7F17A183DF00D00A013CF /* bubble-classic-gray@2x.png in Resources */ = {isa = PBXBuildFile; fileRef = 9CE7F13A183DF00D00A013CF /* bubble-classic-gray@2x.png */; };
		9CE7F17B183DF00D00A013CF /* bubble-classic-green.png in Resources */ = {isa = PBXBuildFile; fileRef = 9CE7F13B183DF00D00A013CF /* bubble-classic-green.png */; };
		9CE7F17C183DF00D00A013CF /* bubble-classic-green@2x.png in Resources */ = {isa = PBXBuildFile; fileRef = 9CE7F13C183DF00D00A013CF /* bubble-classic-green@2x.png */; };
		9CE7F17D183DF00D00A013CF /* bubble-classic-selected.png in Resources */ = {isa = PBXBuildFile; fileRef = 9CE7F13D183DF00D00A013CF /* bubble-classic-selected.png */; };
		9CE7F17E183DF00D00A013CF /* bubble-classic-selected@2x.png in Resources */ = {isa = PBXBuildFile; fileRef = 9CE7F13E183DF00D00A013CF /* bubble-classic-selected@2x.png */; };
		9CE7F17F183DF00D00A013CF /* bubble-classic-typing.png in Resources */ = {isa = PBXBuildFile; fileRef = 9CE7F13F183DF00D00A013CF /* bubble-classic-typing.png */; };
		9CE7F180183DF00D00A013CF /* bubble-classic-typing@2x.png in Resources */ = {isa = PBXBuildFile; fileRef = 9CE7F140183DF00D00A013CF /* bubble-classic-typing@2x.png */; };
		9CE7F181183DF00D00A013CF /* bubble-classic-square-blue.png in Resources */ = {isa = PBXBuildFile; fileRef = 9CE7F142183DF00D00A013CF /* bubble-classic-square-blue.png */; };
		9CE7F182183DF00D00A013CF /* bubble-classic-square-blue@2x.png in Resources */ = {isa = PBXBuildFile; fileRef = 9CE7F143183DF00D00A013CF /* bubble-classic-square-blue@2x.png */; };
		9CE7F183183DF00D00A013CF /* bubble-classic-square-gray.png in Resources */ = {isa = PBXBuildFile; fileRef = 9CE7F144183DF00D00A013CF /* bubble-classic-square-gray.png */; };
		9CE7F184183DF00D00A013CF /* bubble-classic-square-gray@2x.png in Resources */ = {isa = PBXBuildFile; fileRef = 9CE7F145183DF00D00A013CF /* bubble-classic-square-gray@2x.png */; };
		9CE7F185183DF00D00A013CF /* bubble-classic-square-selected.png in Resources */ = {isa = PBXBuildFile; fileRef = 9CE7F146183DF00D00A013CF /* bubble-classic-square-selected.png */; };
		9CE7F186183DF00D00A013CF /* bubble-classic-square-selected@2x.png in Resources */ = {isa = PBXBuildFile; fileRef = 9CE7F147183DF00D00A013CF /* bubble-classic-square-selected@2x.png */; };
		9CE7F187183DF00D00A013CF /* bubble-min-tailless.png in Resources */ = {isa = PBXBuildFile; fileRef = 9CE7F149183DF00D00A013CF /* bubble-min-tailless.png */; };
		9CE7F188183DF00D00A013CF /* bubble-min-tailless@2x.png in Resources */ = {isa = PBXBuildFile; fileRef = 9CE7F14A183DF00D00A013CF /* bubble-min-tailless@2x.png */; };
		9CE7F189183DF00D00A013CF /* bubble-min.png in Resources */ = {isa = PBXBuildFile; fileRef = 9CE7F14B183DF00D00A013CF /* bubble-min.png */; };
		9CE7F18A183DF00D00A013CF /* bubble-min@2x.png in Resources */ = {isa = PBXBuildFile; fileRef = 9CE7F14C183DF00D00A013CF /* bubble-min@2x.png */; };
		9CE7F18B183DF00D00A013CF /* bubble-stroked-tailless.png in Resources */ = {isa = PBXBuildFile; fileRef = 9CE7F14D183DF00D00A013CF /* bubble-stroked-tailless.png */; };
		9CE7F18C183DF00D00A013CF /* bubble-stroked-tailless@2x.png in Resources */ = {isa = PBXBuildFile; fileRef = 9CE7F14E183DF00D00A013CF /* bubble-stroked-tailless@2x.png */; };
		9CE7F18D183DF00D00A013CF /* bubble-stroked.png in Resources */ = {isa = PBXBuildFile; fileRef = 9CE7F14F183DF00D00A013CF /* bubble-stroked.png */; };
		9CE7F18E183DF00D00A013CF /* bubble-stroked@2x.png in Resources */ = {isa = PBXBuildFile; fileRef = 9CE7F150183DF00D00A013CF /* bubble-stroked@2x.png */; };
		9CE7F18F183DF00D00A013CF /* bubble-tailless.png in Resources */ = {isa = PBXBuildFile; fileRef = 9CE7F151183DF00D00A013CF /* bubble-tailless.png */; };
		9CE7F190183DF00D00A013CF /* bubble-tailless@2x.png in Resources */ = {isa = PBXBuildFile; fileRef = 9CE7F152183DF00D00A013CF /* bubble-tailless@2x.png */; };
		9CE7F191183DF00D00A013CF /* bubble.png in Resources */ = {isa = PBXBuildFile; fileRef = 9CE7F153183DF00D00A013CF /* bubble.png */; };
		9CE7F192183DF00D00A013CF /* bubble@2x.png in Resources */ = {isa = PBXBuildFile; fileRef = 9CE7F154183DF00D00A013CF /* bubble@2x.png */; };
		9CE7F193183DF00D00A013CF /* input-bar-background.png in Resources */ = {isa = PBXBuildFile; fileRef = 9CE7F156183DF00D00A013CF /* input-bar-background.png */; };
		9CE7F194183DF00D00A013CF /* input-bar-background@2x.png in Resources */ = {isa = PBXBuildFile; fileRef = 9CE7F157183DF00D00A013CF /* input-bar-background@2x.png */; };
		9CE7F195183DF00D00A013CF /* input-field-cover.png in Resources */ = {isa = PBXBuildFile; fileRef = 9CE7F158183DF00D00A013CF /* input-field-cover.png */; };
		9CE7F196183DF00D00A013CF /* input-field-cover@2x.png in Resources */ = {isa = PBXBuildFile; fileRef = 9CE7F159183DF00D00A013CF /* input-field-cover@2x.png */; };
		9CE7F197183DF00D00A013CF /* send-button-pressed.png in Resources */ = {isa = PBXBuildFile; fileRef = 9CE7F15A183DF00D00A013CF /* send-button-pressed.png */; };
		9CE7F198183DF00D00A013CF /* send-button-pressed@2x.png in Resources */ = {isa = PBXBuildFile; fileRef = 9CE7F15B183DF00D00A013CF /* send-button-pressed@2x.png */; };
		9CE7F199183DF00D00A013CF /* send-button.png in Resources */ = {isa = PBXBuildFile; fileRef = 9CE7F15C183DF00D00A013CF /* send-button.png */; };
		9CE7F19A183DF00D00A013CF /* send-button@2x.png in Resources */ = {isa = PBXBuildFile; fileRef = 9CE7F15D183DF00D00A013CF /* send-button@2x.png */; };
		9CE7F19B183DF00D00A013CF /* button-photo.png in Resources */ = {isa = PBXBuildFile; fileRef = 9CE7F15F183DF00D00A013CF /* button-photo.png */; };
		9CE7F19C183DF00D00A013CF /* button-photo@2x.png in Resources */ = {isa = PBXBuildFile; fileRef = 9CE7F160183DF00D00A013CF /* button-photo@2x.png */; };
		9CE7F19D183DF00D00A013CF /* input-bar-flat.png in Resources */ = {isa = PBXBuildFile; fileRef = 9CE7F161183DF00D00A013CF /* input-bar-flat.png */; };
		9CE7F19E183DF00D00A013CF /* input-bar-flat@2x.png in Resources */ = {isa = PBXBuildFile; fileRef = 9CE7F162183DF00D00A013CF /* input-bar-flat@2x.png */; };
		9CE7F19F183DF00D00A013CF /* message-received.aiff in Resources */ = {isa = PBXBuildFile; fileRef = 9CE7F164183DF00D00A013CF /* message-received.aiff */; };
		9CE7F1A0183DF00D00A013CF /* message-sent.aiff in Resources */ = {isa = PBXBuildFile; fileRef = 9CE7F165183DF00D00A013CF /* message-sent.aiff */; };
/* End PBXBuildFile section */

/* Begin PBXContainerItemProxy section */
		9C8094C6183C882800491E89 /* PBXContainerItemProxy */ = {
			isa = PBXContainerItemProxy;
			containerPortal = 9C80949E183C882700491E89 /* Project object */;
			proxyType = 1;
			remoteGlobalIDString = 9C8094A5183C882700491E89;
			remoteInfo = KKMessagesViewController;
		};
/* End PBXContainerItemProxy section */

/* Begin PBXFileReference section */
		9C8094A6183C882700491E89 /* KKMessagesViewController.app */ = {isa = PBXFileReference; explicitFileType = wrapper.application; includeInIndex = 0; path = KKMessagesViewController.app; sourceTree = BUILT_PRODUCTS_DIR; };
		9C8094A9183C882700491E89 /* Foundation.framework */ = {isa = PBXFileReference; lastKnownFileType = wrapper.framework; name = Foundation.framework; path = System/Library/Frameworks/Foundation.framework; sourceTree = SDKROOT; };
		9C8094AB183C882700491E89 /* CoreGraphics.framework */ = {isa = PBXFileReference; lastKnownFileType = wrapper.framework; name = CoreGraphics.framework; path = System/Library/Frameworks/CoreGraphics.framework; sourceTree = SDKROOT; };
		9C8094AD183C882700491E89 /* UIKit.framework */ = {isa = PBXFileReference; lastKnownFileType = wrapper.framework; name = UIKit.framework; path = System/Library/Frameworks/UIKit.framework; sourceTree = SDKROOT; };
		9C8094B1183C882700491E89 /* KKMessagesViewController-Info.plist */ = {isa = PBXFileReference; lastKnownFileType = text.plist.xml; path = "KKMessagesViewController-Info.plist"; sourceTree = "<group>"; };
		9C8094B3183C882700491E89 /* en */ = {isa = PBXFileReference; lastKnownFileType = text.plist.strings; name = en; path = en.lproj/InfoPlist.strings; sourceTree = "<group>"; };
		9C8094B5183C882700491E89 /* main.m */ = {isa = PBXFileReference; lastKnownFileType = sourcecode.c.objc; path = main.m; sourceTree = "<group>"; };
		9C8094B7183C882700491E89 /* KKMessagesViewController-Prefix.pch */ = {isa = PBXFileReference; lastKnownFileType = sourcecode.c.h; path = "KKMessagesViewController-Prefix.pch"; sourceTree = "<group>"; };
		9C8094B8183C882700491E89 /* KKAppDelegate.h */ = {isa = PBXFileReference; lastKnownFileType = sourcecode.c.h; path = KKAppDelegate.h; sourceTree = "<group>"; };
		9C8094B9183C882700491E89 /* KKAppDelegate.m */ = {isa = PBXFileReference; lastKnownFileType = sourcecode.c.objc; path = KKAppDelegate.m; sourceTree = "<group>"; };
		9C8094BB183C882700491E89 /* Images.xcassets */ = {isa = PBXFileReference; lastKnownFileType = folder.assetcatalog; path = Images.xcassets; sourceTree = "<group>"; };
		9C8094C1183C882800491E89 /* KKMessagesViewControllerTests.xctest */ = {isa = PBXFileReference; explicitFileType = wrapper.cfbundle; includeInIndex = 0; path = KKMessagesViewControllerTests.xctest; sourceTree = BUILT_PRODUCTS_DIR; };
		9C8094C2183C882800491E89 /* XCTest.framework */ = {isa = PBXFileReference; lastKnownFileType = wrapper.framework; name = XCTest.framework; path = Library/Frameworks/XCTest.framework; sourceTree = DEVELOPER_DIR; };
		9C8094CA183C882800491E89 /* KKMessagesViewControllerTests-Info.plist */ = {isa = PBXFileReference; lastKnownFileType = text.plist.xml; path = "KKMessagesViewControllerTests-Info.plist"; sourceTree = "<group>"; };
		9C8094CC183C882800491E89 /* en */ = {isa = PBXFileReference; lastKnownFileType = text.plist.strings; name = en; path = en.lproj/InfoPlist.strings; sourceTree = "<group>"; };
		9C8094CE183C882800491E89 /* KKMessagesViewControllerTests.m */ = {isa = PBXFileReference; lastKnownFileType = sourcecode.c.objc; path = KKMessagesViewControllerTests.m; sourceTree = "<group>"; };
		9C8094D8183C8DBA00491E89 /* KKDemoViewController.h */ = {isa = PBXFileReference; fileEncoding = 4; lastKnownFileType = sourcecode.c.h; path = KKDemoViewController.h; sourceTree = "<group>"; };
		9C8094D9183C8DBA00491E89 /* KKDemoViewController.m */ = {isa = PBXFileReference; fileEncoding = 4; lastKnownFileType = sourcecode.c.objc; path = KKDemoViewController.m; sourceTree = "<group>"; };
		9C8094E2183C946F00491E89 /* LICENSE */ = {isa = PBXFileReference; lastKnownFileType = text; path = LICENSE; sourceTree = "<group>"; };
		9C8094E3183C946F00491E89 /* README.md */ = {isa = PBXFileReference; lastKnownFileType = text; path = README.md; sourceTree = "<group>"; };
		9CE7F10E183DEDCD00A013CF /* NSString+KKMessageView.h */ = {isa = PBXFileReference; fileEncoding = 4; lastKnownFileType = sourcecode.c.h; path = "NSString+KKMessageView.h"; sourceTree = "<group>"; };
		9CE7F10F183DEDCD00A013CF /* NSString+KKMessageView.m */ = {isa = PBXFileReference; fileEncoding = 4; lastKnownFileType = sourcecode.c.objc; path = "NSString+KKMessageView.m"; sourceTree = "<group>"; };
		9CE7F114183DF00D00A013CF /* NSString+JSMessagesView.h */ = {isa = PBXFileReference; fileEncoding = 4; lastKnownFileType = sourcecode.c.h; path = "NSString+JSMessagesView.h"; sourceTree = "<group>"; };
		9CE7F115183DF00D00A013CF /* NSString+JSMessagesView.m */ = {isa = PBXFileReference; fileEncoding = 4; lastKnownFileType = sourcecode.c.objc; path = "NSString+JSMessagesView.m"; sourceTree = "<group>"; };
		9CE7F116183DF00D00A013CF /* UIButton+JSMessagesView.h */ = {isa = PBXFileReference; fileEncoding = 4; lastKnownFileType = sourcecode.c.h; path = "UIButton+JSMessagesView.h"; sourceTree = "<group>"; };
		9CE7F117183DF00D00A013CF /* UIButton+JSMessagesView.m */ = {isa = PBXFileReference; fileEncoding = 4; lastKnownFileType = sourcecode.c.objc; path = "UIButton+JSMessagesView.m"; sourceTree = "<group>"; };
		9CE7F118183DF00D00A013CF /* UIColor+JSMessagesView.h */ = {isa = PBXFileReference; fileEncoding = 4; lastKnownFileType = sourcecode.c.h; path = "UIColor+JSMessagesView.h"; sourceTree = "<group>"; };
		9CE7F119183DF00D00A013CF /* UIColor+JSMessagesView.m */ = {isa = PBXFileReference; fileEncoding = 4; lastKnownFileType = sourcecode.c.objc; path = "UIColor+JSMessagesView.m"; sourceTree = "<group>"; };
		9CE7F11A183DF00D00A013CF /* UIImage+JSMessagesView.h */ = {isa = PBXFileReference; fileEncoding = 4; lastKnownFileType = sourcecode.c.h; path = "UIImage+JSMessagesView.h"; sourceTree = "<group>"; };
		9CE7F11B183DF00D00A013CF /* UIImage+JSMessagesView.m */ = {isa = PBXFileReference; fileEncoding = 4; lastKnownFileType = sourcecode.c.objc; path = "UIImage+JSMessagesView.m"; sourceTree = "<group>"; };
		9CE7F11D183DF00D00A013CF /* JSAvatarImageFactory.h */ = {isa = PBXFileReference; fileEncoding = 4; lastKnownFileType = sourcecode.c.h; path = JSAvatarImageFactory.h; sourceTree = "<group>"; };
		9CE7F11E183DF00D00A013CF /* JSAvatarImageFactory.m */ = {isa = PBXFileReference; fileEncoding = 4; lastKnownFileType = sourcecode.c.objc; path = JSAvatarImageFactory.m; sourceTree = "<group>"; };
		9CE7F11F183DF00D00A013CF /* JSBubbleImageViewFactory.h */ = {isa = PBXFileReference; fileEncoding = 4; lastKnownFileType = sourcecode.c.h; path = JSBubbleImageViewFactory.h; sourceTree = "<group>"; };
		9CE7F120183DF00D00A013CF /* JSBubbleImageViewFactory.m */ = {isa = PBXFileReference; fileEncoding = 4; lastKnownFileType = sourcecode.c.objc; path = JSBubbleImageViewFactory.m; sourceTree = "<group>"; };
		9CE7F121183DF00D00A013CF /* JSBubbleMessageCell.h */ = {isa = PBXFileReference; fileEncoding = 4; lastKnownFileType = sourcecode.c.h; path = JSBubbleMessageCell.h; sourceTree = "<group>"; };
		9CE7F122183DF00D00A013CF /* JSBubbleMessageCell.m */ = {isa = PBXFileReference; fileEncoding = 4; lastKnownFileType = sourcecode.c.objc; path = JSBubbleMessageCell.m; sourceTree = "<group>"; };
		9CE7F123183DF00D00A013CF /* JSBubbleView.h */ = {isa = PBXFileReference; fileEncoding = 4; lastKnownFileType = sourcecode.c.h; path = JSBubbleView.h; sourceTree = "<group>"; };
		9CE7F124183DF00D00A013CF /* JSBubbleView.m */ = {isa = PBXFileReference; fileEncoding = 4; lastKnownFileType = sourcecode.c.objc; path = JSBubbleView.m; sourceTree = "<group>"; };
		9CE7F125183DF00D00A013CF /* JSDismissiveTextView.h */ = {isa = PBXFileReference; fileEncoding = 4; lastKnownFileType = sourcecode.c.h; path = JSDismissiveTextView.h; sourceTree = "<group>"; };
		9CE7F126183DF00D00A013CF /* JSDismissiveTextView.m */ = {isa = PBXFileReference; fileEncoding = 4; lastKnownFileType = sourcecode.c.objc; path = JSDismissiveTextView.m; sourceTree = "<group>"; };
		9CE7F127183DF00D00A013CF /* JSMessageInputView.h */ = {isa = PBXFileReference; fileEncoding = 4; lastKnownFileType = sourcecode.c.h; path = JSMessageInputView.h; sourceTree = "<group>"; };
		9CE7F128183DF00D00A013CF /* JSMessageInputView.m */ = {isa = PBXFileReference; fileEncoding = 4; lastKnownFileType = sourcecode.c.objc; path = JSMessageInputView.m; sourceTree = "<group>"; };
		9CE7F129183DF00D00A013CF /* JSMessageSoundEffect.h */ = {isa = PBXFileReference; fileEncoding = 4; lastKnownFileType = sourcecode.c.h; path = JSMessageSoundEffect.h; sourceTree = "<group>"; };
		9CE7F12A183DF00D00A013CF /* JSMessageSoundEffect.m */ = {isa = PBXFileReference; fileEncoding = 4; lastKnownFileType = sourcecode.c.objc; path = JSMessageSoundEffect.m; sourceTree = "<group>"; };
		9CE7F12B183DF00D00A013CF /* JSMessagesViewController.h */ = {isa = PBXFileReference; fileEncoding = 4; lastKnownFileType = sourcecode.c.h; path = JSMessagesViewController.h; sourceTree = "<group>"; };
		9CE7F12C183DF00D00A013CF /* JSMessagesViewController.m */ = {isa = PBXFileReference; fileEncoding = 4; lastKnownFileType = sourcecode.c.objc; path = JSMessagesViewController.m; sourceTree = "<group>"; };
		9CE7F12D183DF00D00A013CF /* JSMessageTextView.h */ = {isa = PBXFileReference; fileEncoding = 4; lastKnownFileType = sourcecode.c.h; path = JSMessageTextView.h; sourceTree = "<group>"; };
		9CE7F12E183DF00D00A013CF /* JSMessageTextView.m */ = {isa = PBXFileReference; fileEncoding = 4; lastKnownFileType = sourcecode.c.objc; path = JSMessageTextView.m; sourceTree = "<group>"; };
		9CE7F12F183DF00D00A013CF /* LICENSE.txt */ = {isa = PBXFileReference; fileEncoding = 4; lastKnownFileType = text; path = LICENSE.txt; sourceTree = "<group>"; };
		9CE7F130183DF00D00A013CF /* README.md */ = {isa = PBXFileReference; fileEncoding = 4; lastKnownFileType = text; path = README.md; sourceTree = "<group>"; };
		9CE7F134183DF00D00A013CF /* avatar-placeholder.png */ = {isa = PBXFileReference; lastKnownFileType = image.png; path = "avatar-placeholder.png"; sourceTree = "<group>"; };
		9CE7F135183DF00D00A013CF /* avatar-placeholder@2x.png */ = {isa = PBXFileReference; lastKnownFileType = image.png; path = "avatar-placeholder@2x.png"; sourceTree = "<group>"; };
		9CE7F137183DF00D00A013CF /* bubble-classic-blue.png */ = {isa = PBXFileReference; lastKnownFileType = image.png; path = "bubble-classic-blue.png"; sourceTree = "<group>"; };
		9CE7F138183DF00D00A013CF /* bubble-classic-blue@2x.png */ = {isa = PBXFileReference; lastKnownFileType = image.png; path = "bubble-classic-blue@2x.png"; sourceTree = "<group>"; };
		9CE7F139183DF00D00A013CF /* bubble-classic-gray.png */ = {isa = PBXFileReference; lastKnownFileType = image.png; path = "bubble-classic-gray.png"; sourceTree = "<group>"; };
		9CE7F13A183DF00D00A013CF /* bubble-classic-gray@2x.png */ = {isa = PBXFileReference; lastKnownFileType = image.png; path = "bubble-classic-gray@2x.png"; sourceTree = "<group>"; };
		9CE7F13B183DF00D00A013CF /* bubble-classic-green.png */ = {isa = PBXFileReference; lastKnownFileType = image.png; path = "bubble-classic-green.png"; sourceTree = "<group>"; };
		9CE7F13C183DF00D00A013CF /* bubble-classic-green@2x.png */ = {isa = PBXFileReference; lastKnownFileType = image.png; path = "bubble-classic-green@2x.png"; sourceTree = "<group>"; };
		9CE7F13D183DF00D00A013CF /* bubble-classic-selected.png */ = {isa = PBXFileReference; lastKnownFileType = image.png; path = "bubble-classic-selected.png"; sourceTree = "<group>"; };
		9CE7F13E183DF00D00A013CF /* bubble-classic-selected@2x.png */ = {isa = PBXFileReference; lastKnownFileType = image.png; path = "bubble-classic-selected@2x.png"; sourceTree = "<group>"; };
		9CE7F13F183DF00D00A013CF /* bubble-classic-typing.png */ = {isa = PBXFileReference; lastKnownFileType = image.png; path = "bubble-classic-typing.png"; sourceTree = "<group>"; };
		9CE7F140183DF00D00A013CF /* bubble-classic-typing@2x.png */ = {isa = PBXFileReference; lastKnownFileType = image.png; path = "bubble-classic-typing@2x.png"; sourceTree = "<group>"; };
		9CE7F142183DF00D00A013CF /* bubble-classic-square-blue.png */ = {isa = PBXFileReference; lastKnownFileType = image.png; path = "bubble-classic-square-blue.png"; sourceTree = "<group>"; };
		9CE7F143183DF00D00A013CF /* bubble-classic-square-blue@2x.png */ = {isa = PBXFileReference; lastKnownFileType = image.png; path = "bubble-classic-square-blue@2x.png"; sourceTree = "<group>"; };
		9CE7F144183DF00D00A013CF /* bubble-classic-square-gray.png */ = {isa = PBXFileReference; lastKnownFileType = image.png; path = "bubble-classic-square-gray.png"; sourceTree = "<group>"; };
		9CE7F145183DF00D00A013CF /* bubble-classic-square-gray@2x.png */ = {isa = PBXFileReference; lastKnownFileType = image.png; path = "bubble-classic-square-gray@2x.png"; sourceTree = "<group>"; };
		9CE7F146183DF00D00A013CF /* bubble-classic-square-selected.png */ = {isa = PBXFileReference; lastKnownFileType = image.png; path = "bubble-classic-square-selected.png"; sourceTree = "<group>"; };
		9CE7F147183DF00D00A013CF /* bubble-classic-square-selected@2x.png */ = {isa = PBXFileReference; lastKnownFileType = image.png; path = "bubble-classic-square-selected@2x.png"; sourceTree = "<group>"; };
		9CE7F149183DF00D00A013CF /* bubble-min-tailless.png */ = {isa = PBXFileReference; lastKnownFileType = image.png; path = "bubble-min-tailless.png"; sourceTree = "<group>"; };
		9CE7F14A183DF00D00A013CF /* bubble-min-tailless@2x.png */ = {isa = PBXFileReference; lastKnownFileType = image.png; path = "bubble-min-tailless@2x.png"; sourceTree = "<group>"; };
		9CE7F14B183DF00D00A013CF /* bubble-min.png */ = {isa = PBXFileReference; lastKnownFileType = image.png; path = "bubble-min.png"; sourceTree = "<group>"; };
		9CE7F14C183DF00D00A013CF /* bubble-min@2x.png */ = {isa = PBXFileReference; lastKnownFileType = image.png; path = "bubble-min@2x.png"; sourceTree = "<group>"; };
		9CE7F14D183DF00D00A013CF /* bubble-stroked-tailless.png */ = {isa = PBXFileReference; lastKnownFileType = image.png; path = "bubble-stroked-tailless.png"; sourceTree = "<group>"; };
		9CE7F14E183DF00D00A013CF /* bubble-stroked-tailless@2x.png */ = {isa = PBXFileReference; lastKnownFileType = image.png; path = "bubble-stroked-tailless@2x.png"; sourceTree = "<group>"; };
		9CE7F14F183DF00D00A013CF /* bubble-stroked.png */ = {isa = PBXFileReference; lastKnownFileType = image.png; path = "bubble-stroked.png"; sourceTree = "<group>"; };
		9CE7F150183DF00D00A013CF /* bubble-stroked@2x.png */ = {isa = PBXFileReference; lastKnownFileType = image.png; path = "bubble-stroked@2x.png"; sourceTree = "<group>"; };
		9CE7F151183DF00D00A013CF /* bubble-tailless.png */ = {isa = PBXFileReference; lastKnownFileType = image.png; path = "bubble-tailless.png"; sourceTree = "<group>"; };
		9CE7F152183DF00D00A013CF /* bubble-tailless@2x.png */ = {isa = PBXFileReference; lastKnownFileType = image.png; path = "bubble-tailless@2x.png"; sourceTree = "<group>"; };
		9CE7F153183DF00D00A013CF /* bubble.png */ = {isa = PBXFileReference; lastKnownFileType = image.png; path = bubble.png; sourceTree = "<group>"; };
		9CE7F154183DF00D00A013CF /* bubble@2x.png */ = {isa = PBXFileReference; lastKnownFileType = image.png; path = "bubble@2x.png"; sourceTree = "<group>"; };
		9CE7F156183DF00D00A013CF /* input-bar-background.png */ = {isa = PBXFileReference; lastKnownFileType = image.png; path = "input-bar-background.png"; sourceTree = "<group>"; };
		9CE7F157183DF00D00A013CF /* input-bar-background@2x.png */ = {isa = PBXFileReference; lastKnownFileType = image.png; path = "input-bar-background@2x.png"; sourceTree = "<group>"; };
		9CE7F158183DF00D00A013CF /* input-field-cover.png */ = {isa = PBXFileReference; lastKnownFileType = image.png; path = "input-field-cover.png"; sourceTree = "<group>"; };
		9CE7F159183DF00D00A013CF /* input-field-cover@2x.png */ = {isa = PBXFileReference; lastKnownFileType = image.png; path = "input-field-cover@2x.png"; sourceTree = "<group>"; };
		9CE7F15A183DF00D00A013CF /* send-button-pressed.png */ = {isa = PBXFileReference; lastKnownFileType = image.png; path = "send-button-pressed.png"; sourceTree = "<group>"; };
		9CE7F15B183DF00D00A013CF /* send-button-pressed@2x.png */ = {isa = PBXFileReference; lastKnownFileType = image.png; path = "send-button-pressed@2x.png"; sourceTree = "<group>"; };
		9CE7F15C183DF00D00A013CF /* send-button.png */ = {isa = PBXFileReference; lastKnownFileType = image.png; path = "send-button.png"; sourceTree = "<group>"; };
		9CE7F15D183DF00D00A013CF /* send-button@2x.png */ = {isa = PBXFileReference; lastKnownFileType = image.png; path = "send-button@2x.png"; sourceTree = "<group>"; };
		9CE7F15F183DF00D00A013CF /* button-photo.png */ = {isa = PBXFileReference; lastKnownFileType = image.png; path = "button-photo.png"; sourceTree = "<group>"; };
		9CE7F160183DF00D00A013CF /* button-photo@2x.png */ = {isa = PBXFileReference; lastKnownFileType = image.png; path = "button-photo@2x.png"; sourceTree = "<group>"; };
		9CE7F161183DF00D00A013CF /* input-bar-flat.png */ = {isa = PBXFileReference; lastKnownFileType = image.png; path = "input-bar-flat.png"; sourceTree = "<group>"; };
		9CE7F162183DF00D00A013CF /* input-bar-flat@2x.png */ = {isa = PBXFileReference; lastKnownFileType = image.png; path = "input-bar-flat@2x.png"; sourceTree = "<group>"; };
		9CE7F164183DF00D00A013CF /* message-received.aiff */ = {isa = PBXFileReference; lastKnownFileType = audio.aiff; path = "message-received.aiff"; sourceTree = "<group>"; };
		9CE7F165183DF00D00A013CF /* message-sent.aiff */ = {isa = PBXFileReference; lastKnownFileType = audio.aiff; path = "message-sent.aiff"; sourceTree = "<group>"; };
/* End PBXFileReference section */

/* Begin PBXFrameworksBuildPhase section */
		9C8094A3183C882700491E89 /* Frameworks */ = {
			isa = PBXFrameworksBuildPhase;
			buildActionMask = 2147483647;
			files = (
				9C8094AC183C882700491E89 /* CoreGraphics.framework in Frameworks */,
				9C8094AE183C882700491E89 /* UIKit.framework in Frameworks */,
				9C8094AA183C882700491E89 /* Foundation.framework in Frameworks */,
			);
			runOnlyForDeploymentPostprocessing = 0;
		};
		9C8094BE183C882800491E89 /* Frameworks */ = {
			isa = PBXFrameworksBuildPhase;
			buildActionMask = 2147483647;
			files = (
				9C8094C3183C882800491E89 /* XCTest.framework in Frameworks */,
				9C8094C5183C882800491E89 /* UIKit.framework in Frameworks */,
				9C8094C4183C882800491E89 /* Foundation.framework in Frameworks */,
			);
			runOnlyForDeploymentPostprocessing = 0;
		};
/* End PBXFrameworksBuildPhase section */

/* Begin PBXGroup section */
		9C80949D183C882700491E89 = {
			isa = PBXGroup;
			children = (
				9CE7F111183DF00D00A013CF /* JSMessagesViewController */,
				9CE7F10D183DEDCD00A013CF /* Category */,
				9C8094E2183C946F00491E89 /* LICENSE */,
				9C8094E3183C946F00491E89 /* README.md */,
				9C8094AF183C882700491E89 /* KKMessagesViewController */,
				9C8094C8183C882800491E89 /* KKMessagesViewControllerTests */,
				9C8094A8183C882700491E89 /* Frameworks */,
				9C8094A7183C882700491E89 /* Products */,
			);
			sourceTree = "<group>";
		};
		9C8094A7183C882700491E89 /* Products */ = {
			isa = PBXGroup;
			children = (
				9C8094A6183C882700491E89 /* KKMessagesViewController.app */,
				9C8094C1183C882800491E89 /* KKMessagesViewControllerTests.xctest */,
			);
			name = Products;
			sourceTree = "<group>";
		};
		9C8094A8183C882700491E89 /* Frameworks */ = {
			isa = PBXGroup;
			children = (
				9C8094A9183C882700491E89 /* Foundation.framework */,
				9C8094AB183C882700491E89 /* CoreGraphics.framework */,
				9C8094AD183C882700491E89 /* UIKit.framework */,
				9C8094C2183C882800491E89 /* XCTest.framework */,
			);
			name = Frameworks;
			sourceTree = "<group>";
		};
		9C8094AF183C882700491E89 /* KKMessagesViewController */ = {
			isa = PBXGroup;
			children = (
				9C8094B8183C882700491E89 /* KKAppDelegate.h */,
				9C8094B9183C882700491E89 /* KKAppDelegate.m */,
				9C8094BB183C882700491E89 /* Images.xcassets */,
				9C8094B0183C882700491E89 /* Supporting Files */,
				9C8094D8183C8DBA00491E89 /* KKDemoViewController.h */,
				9C8094D9183C8DBA00491E89 /* KKDemoViewController.m */,
			);
			path = KKMessagesViewController;
			sourceTree = "<group>";
		};
		9C8094B0183C882700491E89 /* Supporting Files */ = {
			isa = PBXGroup;
			children = (
				9C8094B1183C882700491E89 /* KKMessagesViewController-Info.plist */,
				9C8094B2183C882700491E89 /* InfoPlist.strings */,
				9C8094B5183C882700491E89 /* main.m */,
				9C8094B7183C882700491E89 /* KKMessagesViewController-Prefix.pch */,
			);
			name = "Supporting Files";
			sourceTree = "<group>";
		};
		9C8094C8183C882800491E89 /* KKMessagesViewControllerTests */ = {
			isa = PBXGroup;
			children = (
				9C8094CE183C882800491E89 /* KKMessagesViewControllerTests.m */,
				9C8094C9183C882800491E89 /* Supporting Files */,
			);
			path = KKMessagesViewControllerTests;
			sourceTree = "<group>";
		};
		9C8094C9183C882800491E89 /* Supporting Files */ = {
			isa = PBXGroup;
			children = (
				9C8094CA183C882800491E89 /* KKMessagesViewControllerTests-Info.plist */,
				9C8094CB183C882800491E89 /* InfoPlist.strings */,
			);
			name = "Supporting Files";
			sourceTree = "<group>";
		};
		9CE7F10D183DEDCD00A013CF /* Category */ = {
			isa = PBXGroup;
			children = (
				9CE7F10E183DEDCD00A013CF /* NSString+KKMessageView.h */,
				9CE7F10F183DEDCD00A013CF /* NSString+KKMessageView.m */,
			);
			path = Category;
			sourceTree = "<group>";
		};
		9CE7F111183DF00D00A013CF /* JSMessagesViewController */ = {
			isa = PBXGroup;
			children = (
				9CE7F112183DF00D00A013CF /* Classes */,
				9CE7F12F183DF00D00A013CF /* LICENSE.txt */,
				9CE7F130183DF00D00A013CF /* README.md */,
				9CE7F131183DF00D00A013CF /* Resources */,
			);
			path = JSMessagesViewController;
			sourceTree = "<group>";
		};
		9CE7F112183DF00D00A013CF /* Classes */ = {
			isa = PBXGroup;
			children = (
				9CE7F113183DF00D00A013CF /* Categories */,
				9CE7F11C183DF00D00A013CF /* Factories */,
				9CE7F121183DF00D00A013CF /* JSBubbleMessageCell.h */,
				9CE7F122183DF00D00A013CF /* JSBubbleMessageCell.m */,
				9CE7F123183DF00D00A013CF /* JSBubbleView.h */,
				9CE7F124183DF00D00A013CF /* JSBubbleView.m */,
				9CE7F125183DF00D00A013CF /* JSDismissiveTextView.h */,
				9CE7F126183DF00D00A013CF /* JSDismissiveTextView.m */,
				9CE7F127183DF00D00A013CF /* JSMessageInputView.h */,
				9CE7F128183DF00D00A013CF /* JSMessageInputView.m */,
				9CE7F129183DF00D00A013CF /* JSMessageSoundEffect.h */,
				9CE7F12A183DF00D00A013CF /* JSMessageSoundEffect.m */,
				9CE7F12B183DF00D00A013CF /* JSMessagesViewController.h */,
				9CE7F12C183DF00D00A013CF /* JSMessagesViewController.m */,
				9CE7F12D183DF00D00A013CF /* JSMessageTextView.h */,
				9CE7F12E183DF00D00A013CF /* JSMessageTextView.m */,
			);
			path = Classes;
			sourceTree = "<group>";
		};
		9CE7F113183DF00D00A013CF /* Categories */ = {
			isa = PBXGroup;
			children = (
				9CE7F114183DF00D00A013CF /* NSString+JSMessagesView.h */,
				9CE7F115183DF00D00A013CF /* NSString+JSMessagesView.m */,
				9CE7F116183DF00D00A013CF /* UIButton+JSMessagesView.h */,
				9CE7F117183DF00D00A013CF /* UIButton+JSMessagesView.m */,
				9CE7F118183DF00D00A013CF /* UIColor+JSMessagesView.h */,
				9CE7F119183DF00D00A013CF /* UIColor+JSMessagesView.m */,
				9CE7F11A183DF00D00A013CF /* UIImage+JSMessagesView.h */,
				9CE7F11B183DF00D00A013CF /* UIImage+JSMessagesView.m */,
			);
			path = Categories;
			sourceTree = "<group>";
		};
		9CE7F11C183DF00D00A013CF /* Factories */ = {
			isa = PBXGroup;
			children = (
				9CE7F11D183DF00D00A013CF /* JSAvatarImageFactory.h */,
				9CE7F11E183DF00D00A013CF /* JSAvatarImageFactory.m */,
				9CE7F11F183DF00D00A013CF /* JSBubbleImageViewFactory.h */,
				9CE7F120183DF00D00A013CF /* JSBubbleImageViewFactory.m */,
			);
			path = Factories;
			sourceTree = "<group>";
		};
		9CE7F131183DF00D00A013CF /* Resources */ = {
			isa = PBXGroup;
			children = (
				9CE7F132183DF00D00A013CF /* Images */,
				9CE7F163183DF00D00A013CF /* Sounds */,
			);
			path = Resources;
			sourceTree = "<group>";
		};
		9CE7F132183DF00D00A013CF /* Images */ = {
			isa = PBXGroup;
			children = (
				9CE7F133183DF00D00A013CF /* avatar */,
				9CE7F136183DF00D00A013CF /* bubble-classic */,
				9CE7F141183DF00D00A013CF /* bubble-classic-square */,
				9CE7F148183DF00D00A013CF /* bubble-flat */,
				9CE7F155183DF00D00A013CF /* input-bar-classic */,
				9CE7F15E183DF00D00A013CF /* input-bar-flat */,
			);
			path = Images;
			sourceTree = "<group>";
		};
		9CE7F133183DF00D00A013CF /* avatar */ = {
			isa = PBXGroup;
			children = (
				9CE7F134183DF00D00A013CF /* avatar-placeholder.png */,
				9CE7F135183DF00D00A013CF /* avatar-placeholder@2x.png */,
			);
			path = avatar;
			sourceTree = "<group>";
		};
		9CE7F136183DF00D00A013CF /* bubble-classic */ = {
			isa = PBXGroup;
			children = (
				9CE7F137183DF00D00A013CF /* bubble-classic-blue.png */,
				9CE7F138183DF00D00A013CF /* bubble-classic-blue@2x.png */,
				9CE7F139183DF00D00A013CF /* bubble-classic-gray.png */,
				9CE7F13A183DF00D00A013CF /* bubble-classic-gray@2x.png */,
				9CE7F13B183DF00D00A013CF /* bubble-classic-green.png */,
				9CE7F13C183DF00D00A013CF /* bubble-classic-green@2x.png */,
				9CE7F13D183DF00D00A013CF /* bubble-classic-selected.png */,
				9CE7F13E183DF00D00A013CF /* bubble-classic-selected@2x.png */,
				9CE7F13F183DF00D00A013CF /* bubble-classic-typing.png */,
				9CE7F140183DF00D00A013CF /* bubble-classic-typing@2x.png */,
			);
			path = "bubble-classic";
			sourceTree = "<group>";
		};
		9CE7F141183DF00D00A013CF /* bubble-classic-square */ = {
			isa = PBXGroup;
			children = (
				9CE7F142183DF00D00A013CF /* bubble-classic-square-blue.png */,
				9CE7F143183DF00D00A013CF /* bubble-classic-square-blue@2x.png */,
				9CE7F144183DF00D00A013CF /* bubble-classic-square-gray.png */,
				9CE7F145183DF00D00A013CF /* bubble-classic-square-gray@2x.png */,
				9CE7F146183DF00D00A013CF /* bubble-classic-square-selected.png */,
				9CE7F147183DF00D00A013CF /* bubble-classic-square-selected@2x.png */,
			);
			path = "bubble-classic-square";
			sourceTree = "<group>";
		};
		9CE7F148183DF00D00A013CF /* bubble-flat */ = {
			isa = PBXGroup;
			children = (
				9CE7F149183DF00D00A013CF /* bubble-min-tailless.png */,
				9CE7F14A183DF00D00A013CF /* bubble-min-tailless@2x.png */,
				9CE7F14B183DF00D00A013CF /* bubble-min.png */,
				9CE7F14C183DF00D00A013CF /* bubble-min@2x.png */,
				9CE7F14D183DF00D00A013CF /* bubble-stroked-tailless.png */,
				9CE7F14E183DF00D00A013CF /* bubble-stroked-tailless@2x.png */,
				9CE7F14F183DF00D00A013CF /* bubble-stroked.png */,
				9CE7F150183DF00D00A013CF /* bubble-stroked@2x.png */,
				9CE7F151183DF00D00A013CF /* bubble-tailless.png */,
				9CE7F152183DF00D00A013CF /* bubble-tailless@2x.png */,
				9CE7F153183DF00D00A013CF /* bubble.png */,
				9CE7F154183DF00D00A013CF /* bubble@2x.png */,
			);
			path = "bubble-flat";
			sourceTree = "<group>";
		};
		9CE7F155183DF00D00A013CF /* input-bar-classic */ = {
			isa = PBXGroup;
			children = (
				9CE7F156183DF00D00A013CF /* input-bar-background.png */,
				9CE7F157183DF00D00A013CF /* input-bar-background@2x.png */,
				9CE7F158183DF00D00A013CF /* input-field-cover.png */,
				9CE7F159183DF00D00A013CF /* input-field-cover@2x.png */,
				9CE7F15A183DF00D00A013CF /* send-button-pressed.png */,
				9CE7F15B183DF00D00A013CF /* send-button-pressed@2x.png */,
				9CE7F15C183DF00D00A013CF /* send-button.png */,
				9CE7F15D183DF00D00A013CF /* send-button@2x.png */,
			);
			path = "input-bar-classic";
			sourceTree = "<group>";
		};
		9CE7F15E183DF00D00A013CF /* input-bar-flat */ = {
			isa = PBXGroup;
			children = (
				9CE7F15F183DF00D00A013CF /* button-photo.png */,
				9CE7F160183DF00D00A013CF /* button-photo@2x.png */,
				9CE7F161183DF00D00A013CF /* input-bar-flat.png */,
				9CE7F162183DF00D00A013CF /* input-bar-flat@2x.png */,
			);
			path = "input-bar-flat";
			sourceTree = "<group>";
		};
		9CE7F163183DF00D00A013CF /* Sounds */ = {
			isa = PBXGroup;
			children = (
				9CE7F164183DF00D00A013CF /* message-received.aiff */,
				9CE7F165183DF00D00A013CF /* message-sent.aiff */,
			);
			path = Sounds;
			sourceTree = "<group>";
		};
/* End PBXGroup section */

/* Begin PBXNativeTarget section */
		9C8094A5183C882700491E89 /* KKMessagesViewController */ = {
			isa = PBXNativeTarget;
			buildConfigurationList = 9C8094D2183C882800491E89 /* Build configuration list for PBXNativeTarget "KKMessagesViewController" */;
			buildPhases = (
				9C8094A2183C882700491E89 /* Sources */,
				9C8094A3183C882700491E89 /* Frameworks */,
				9C8094A4183C882700491E89 /* Resources */,
			);
			buildRules = (
			);
			dependencies = (
			);
			name = KKMessagesViewController;
			productName = KKMessagesViewController;
			productReference = 9C8094A6183C882700491E89 /* KKMessagesViewController.app */;
			productType = "com.apple.product-type.application";
		};
		9C8094C0183C882800491E89 /* KKMessagesViewControllerTests */ = {
			isa = PBXNativeTarget;
			buildConfigurationList = 9C8094D5183C882800491E89 /* Build configuration list for PBXNativeTarget "KKMessagesViewControllerTests" */;
			buildPhases = (
				9C8094BD183C882800491E89 /* Sources */,
				9C8094BE183C882800491E89 /* Frameworks */,
				9C8094BF183C882800491E89 /* Resources */,
			);
			buildRules = (
			);
			dependencies = (
				9C8094C7183C882800491E89 /* PBXTargetDependency */,
			);
			name = KKMessagesViewControllerTests;
			productName = KKMessagesViewControllerTests;
			productReference = 9C8094C1183C882800491E89 /* KKMessagesViewControllerTests.xctest */;
			productType = "com.apple.product-type.bundle.unit-test";
		};
/* End PBXNativeTarget section */

/* Begin PBXProject section */
		9C80949E183C882700491E89 /* Project object */ = {
			isa = PBXProject;
			attributes = {
				CLASSPREFIX = KK;
				LastUpgradeCheck = 0500;
				ORGANIZATIONNAME = "Kevin Kwon";
				TargetAttributes = {
					9C8094C0183C882800491E89 = {
						TestTargetID = 9C8094A5183C882700491E89;
					};
				};
			};
			buildConfigurationList = 9C8094A1183C882700491E89 /* Build configuration list for PBXProject "KKMessagesViewController" */;
			compatibilityVersion = "Xcode 3.2";
			developmentRegion = English;
			hasScannedForEncodings = 0;
			knownRegions = (
				en,
			);
			mainGroup = 9C80949D183C882700491E89;
			productRefGroup = 9C8094A7183C882700491E89 /* Products */;
			projectDirPath = "";
			projectRoot = "";
			targets = (
				9C8094A5183C882700491E89 /* KKMessagesViewController */,
				9C8094C0183C882800491E89 /* KKMessagesViewControllerTests */,
			);
		};
/* End PBXProject section */

/* Begin PBXResourcesBuildPhase section */
		9C8094A4183C882700491E89 /* Resources */ = {
			isa = PBXResourcesBuildPhase;
			buildActionMask = 2147483647;
			files = (
				9CE7F19A183DF00D00A013CF /* send-button@2x.png in Resources */,
				9CE7F192183DF00D00A013CF /* bubble@2x.png in Resources */,
				9CE7F173183DF00D00A013CF /* LICENSE.txt in Resources */,
				9CE7F19C183DF00D00A013CF /* button-photo@2x.png in Resources */,
				9CE7F18B183DF00D00A013CF /* bubble-stroked-tailless.png in Resources */,
				9CE7F187183DF00D00A013CF /* bubble-min-tailless.png in Resources */,
				9CE7F19F183DF00D00A013CF /* message-received.aiff in Resources */,
				9CE7F176183DF00D00A013CF /* avatar-placeholder@2x.png in Resources */,
				9CE7F189183DF00D00A013CF /* bubble-min.png in Resources */,
				9CE7F18F183DF00D00A013CF /* bubble-tailless.png in Resources */,
				9CE7F17A183DF00D00A013CF /* bubble-classic-gray@2x.png in Resources */,
				9CE7F196183DF00D00A013CF /* input-field-cover@2x.png in Resources */,
				9CE7F19B183DF00D00A013CF /* button-photo.png in Resources */,
				9CE7F18C183DF00D00A013CF /* bubble-stroked-tailless@2x.png in Resources */,
				9CE7F19D183DF00D00A013CF /* input-bar-flat.png in Resources */,
				9CE7F17F183DF00D00A013CF /* bubble-classic-typing.png in Resources */,
				9CE7F185183DF00D00A013CF /* bubble-classic-square-selected.png in Resources */,
				9CE7F1A0183DF00D00A013CF /* message-sent.aiff in Resources */,
				9CE7F18E183DF00D00A013CF /* bubble-stroked@2x.png in Resources */,
				9CE7F18A183DF00D00A013CF /* bubble-min@2x.png in Resources */,
				9CE7F195183DF00D00A013CF /* input-field-cover.png in Resources */,
				9CE7F183183DF00D00A013CF /* bubble-classic-square-gray.png in Resources */,
				9CE7F190183DF00D00A013CF /* bubble-tailless@2x.png in Resources */,
				9CE7F17B183DF00D00A013CF /* bubble-classic-green.png in Resources */,
				9C8094B4183C882700491E89 /* InfoPlist.strings in Resources */,
				9CE7F199183DF00D00A013CF /* send-button.png in Resources */,
				9CE7F175183DF00D00A013CF /* avatar-placeholder.png in Resources */,
				9CE7F174183DF00D00A013CF /* README.md in Resources */,
				9CE7F197183DF00D00A013CF /* send-button-pressed.png in Resources */,
				9CE7F184183DF00D00A013CF /* bubble-classic-square-gray@2x.png in Resources */,
				9CE7F19E183DF00D00A013CF /* input-bar-flat@2x.png in Resources */,
				9C8094BC183C882700491E89 /* Images.xcassets in Resources */,
				9CE7F191183DF00D00A013CF /* bubble.png in Resources */,
				9CE7F17E183DF00D00A013CF /* bubble-classic-selected@2x.png in Resources */,
				9CE7F179183DF00D00A013CF /* bubble-classic-gray.png in Resources */,
				9CE7F17C183DF00D00A013CF /* bubble-classic-green@2x.png in Resources */,
				9CE7F193183DF00D00A013CF /* input-bar-background.png in Resources */,
				9CE7F198183DF00D00A013CF /* send-button-pressed@2x.png in Resources */,
				9CE7F18D183DF00D00A013CF /* bubble-stroked.png in Resources */,
				9CE7F180183DF00D00A013CF /* bubble-classic-typing@2x.png in Resources */,
				9CE7F17D183DF00D00A013CF /* bubble-classic-selected.png in Resources */,
				9CE7F188183DF00D00A013CF /* bubble-min-tailless@2x.png in Resources */,
				9CE7F182183DF00D00A013CF /* bubble-classic-square-blue@2x.png in Resources */,
				9CE7F177183DF00D00A013CF /* bubble-classic-blue.png in Resources */,
				9CE7F178183DF00D00A013CF /* bubble-classic-blue@2x.png in Resources */,
				9CE7F181183DF00D00A013CF /* bubble-classic-square-blue.png in Resources */,
				9CE7F186183DF00D00A013CF /* bubble-classic-square-selected@2x.png in Resources */,
				9CE7F194183DF00D00A013CF /* input-bar-background@2x.png in Resources */,
			);
			runOnlyForDeploymentPostprocessing = 0;
		};
		9C8094BF183C882800491E89 /* Resources */ = {
			isa = PBXResourcesBuildPhase;
			buildActionMask = 2147483647;
			files = (
				9C8094CD183C882800491E89 /* InfoPlist.strings in Resources */,
			);
			runOnlyForDeploymentPostprocessing = 0;
		};
/* End PBXResourcesBuildPhase section */

/* Begin PBXSourcesBuildPhase section */
		9C8094A2183C882700491E89 /* Sources */ = {
			isa = PBXSourcesBuildPhase;
			buildActionMask = 2147483647;
			files = (
				9CE7F16C183DF00D00A013CF /* JSBubbleMessageCell.m in Sources */,
				9CE7F16E183DF00D00A013CF /* JSDismissiveTextView.m in Sources */,
				9CE7F170183DF00D00A013CF /* JSMessageSoundEffect.m in Sources */,
				9CE7F16D183DF00D00A013CF /* JSBubbleView.m in Sources */,
				9CE7F110183DEDCD00A013CF /* NSString+KKMessageView.m in Sources */,
				9C8094DA183C8DBA00491E89 /* KKDemoViewController.m in Sources */,
				9C8094BA183C882700491E89 /* KKAppDelegate.m in Sources */,
				9CE7F16F183DF00D00A013CF /* JSMessageInputView.m in Sources */,
				9CE7F16A183DF00D00A013CF /* JSAvatarImageFactory.m in Sources */,
				9CE7F171183DF00D00A013CF /* JSMessagesViewController.m in Sources */,
				9CE7F167183DF00D00A013CF /* UIButton+JSMessagesView.m in Sources */,
				9CE7F172183DF00D00A013CF /* JSMessageTextView.m in Sources */,
				9CE7F168183DF00D00A013CF /* UIColor+JSMessagesView.m in Sources */,
				9CE7F16B183DF00D00A013CF /* JSBubbleImageViewFactory.m in Sources */,
				9CE7F166183DF00D00A013CF /* NSString+JSMessagesView.m in Sources */,
				9C8094B6183C882700491E89 /* main.m in Sources */,
				9CE7F169183DF00D00A013CF /* UIImage+JSMessagesView.m in Sources */,
			);
			runOnlyForDeploymentPostprocessing = 0;
		};
		9C8094BD183C882800491E89 /* Sources */ = {
			isa = PBXSourcesBuildPhase;
			buildActionMask = 2147483647;
			files = (
				9C8094CF183C882800491E89 /* KKMessagesViewControllerTests.m in Sources */,
			);
			runOnlyForDeploymentPostprocessing = 0;
		};
/* End PBXSourcesBuildPhase section */

/* Begin PBXTargetDependency section */
		9C8094C7183C882800491E89 /* PBXTargetDependency */ = {
			isa = PBXTargetDependency;
			target = 9C8094A5183C882700491E89 /* KKMessagesViewController */;
			targetProxy = 9C8094C6183C882800491E89 /* PBXContainerItemProxy */;
		};
/* End PBXTargetDependency section */

/* Begin PBXVariantGroup section */
		9C8094B2183C882700491E89 /* InfoPlist.strings */ = {
			isa = PBXVariantGroup;
			children = (
				9C8094B3183C882700491E89 /* en */,
			);
			name = InfoPlist.strings;
			sourceTree = "<group>";
		};
		9C8094CB183C882800491E89 /* InfoPlist.strings */ = {
			isa = PBXVariantGroup;
			children = (
				9C8094CC183C882800491E89 /* en */,
			);
			name = InfoPlist.strings;
			sourceTree = "<group>";
		};
/* End PBXVariantGroup section */

/* Begin XCBuildConfiguration section */
		9C8094D0183C882800491E89 /* Debug */ = {
			isa = XCBuildConfiguration;
			buildSettings = {
				ALWAYS_SEARCH_USER_PATHS = NO;
				ARCHS = "$(ARCHS_STANDARD_INCLUDING_64_BIT)";
				CLANG_CXX_LANGUAGE_STANDARD = "gnu++0x";
				CLANG_CXX_LIBRARY = "libc++";
				CLANG_ENABLE_MODULES = YES;
				CLANG_ENABLE_OBJC_ARC = YES;
				CLANG_WARN_BOOL_CONVERSION = YES;
				CLANG_WARN_CONSTANT_CONVERSION = YES;
				CLANG_WARN_DIRECT_OBJC_ISA_USAGE = YES_ERROR;
				CLANG_WARN_EMPTY_BODY = YES;
				CLANG_WARN_ENUM_CONVERSION = YES;
				CLANG_WARN_INT_CONVERSION = YES;
				CLANG_WARN_OBJC_ROOT_CLASS = YES_ERROR;
				CLANG_WARN__DUPLICATE_METHOD_MATCH = YES;
				"CODE_SIGN_IDENTITY[sdk=iphoneos*]" = "iPhone Developer";
				COPY_PHASE_STRIP = NO;
				GCC_C_LANGUAGE_STANDARD = gnu99;
				GCC_DYNAMIC_NO_PIC = NO;
				GCC_OPTIMIZATION_LEVEL = 0;
				GCC_PREPROCESSOR_DEFINITIONS = (
					"DEBUG=1",
					"$(inherited)",
				);
				GCC_SYMBOLS_PRIVATE_EXTERN = NO;
				GCC_WARN_64_TO_32_BIT_CONVERSION = YES;
				GCC_WARN_ABOUT_RETURN_TYPE = YES_ERROR;
				GCC_WARN_UNDECLARED_SELECTOR = YES;
				GCC_WARN_UNINITIALIZED_AUTOS = YES;
				GCC_WARN_UNUSED_FUNCTION = YES;
				GCC_WARN_UNUSED_VARIABLE = YES;
				IPHONEOS_DEPLOYMENT_TARGET = 5.0;
				ONLY_ACTIVE_ARCH = YES;
				SDKROOT = iphoneos;
				TARGETED_DEVICE_FAMILY = "1,2";
			};
			name = Debug;
		};
		9C8094D1183C882800491E89 /* Release */ = {
			isa = XCBuildConfiguration;
			buildSettings = {
				ALWAYS_SEARCH_USER_PATHS = NO;
				ARCHS = "$(ARCHS_STANDARD_INCLUDING_64_BIT)";
				CLANG_CXX_LANGUAGE_STANDARD = "gnu++0x";
				CLANG_CXX_LIBRARY = "libc++";
				CLANG_ENABLE_MODULES = YES;
				CLANG_ENABLE_OBJC_ARC = YES;
				CLANG_WARN_BOOL_CONVERSION = YES;
				CLANG_WARN_CONSTANT_CONVERSION = YES;
				CLANG_WARN_DIRECT_OBJC_ISA_USAGE = YES_ERROR;
				CLANG_WARN_EMPTY_BODY = YES;
				CLANG_WARN_ENUM_CONVERSION = YES;
				CLANG_WARN_INT_CONVERSION = YES;
				CLANG_WARN_OBJC_ROOT_CLASS = YES_ERROR;
				CLANG_WARN__DUPLICATE_METHOD_MATCH = YES;
				"CODE_SIGN_IDENTITY[sdk=iphoneos*]" = "iPhone Developer";
				COPY_PHASE_STRIP = YES;
				ENABLE_NS_ASSERTIONS = NO;
				GCC_C_LANGUAGE_STANDARD = gnu99;
				GCC_WARN_64_TO_32_BIT_CONVERSION = YES;
				GCC_WARN_ABOUT_RETURN_TYPE = YES_ERROR;
				GCC_WARN_UNDECLARED_SELECTOR = YES;
				GCC_WARN_UNINITIALIZED_AUTOS = YES;
				GCC_WARN_UNUSED_FUNCTION = YES;
				GCC_WARN_UNUSED_VARIABLE = YES;
				IPHONEOS_DEPLOYMENT_TARGET = 5.0;
				SDKROOT = iphoneos;
				TARGETED_DEVICE_FAMILY = "1,2";
				VALIDATE_PRODUCT = YES;
			};
			name = Release;
		};
		9C8094D3183C882800491E89 /* Debug */ = {
			isa = XCBuildConfiguration;
			buildSettings = {
				ASSETCATALOG_COMPILER_APPICON_NAME = AppIcon;
				ASSETCATALOG_COMPILER_LAUNCHIMAGE_NAME = LaunchImage;
				GCC_PRECOMPILE_PREFIX_HEADER = YES;
				GCC_PREFIX_HEADER = "KKMessagesViewController/KKMessagesViewController-Prefix.pch";
				INFOPLIST_FILE = "KKMessagesViewController/KKMessagesViewController-Info.plist";
				PRODUCT_NAME = "$(TARGET_NAME)";
				WRAPPER_EXTENSION = app;
			};
			name = Debug;
		};
		9C8094D4183C882800491E89 /* Release */ = {
			isa = XCBuildConfiguration;
			buildSettings = {
				ASSETCATALOG_COMPILER_APPICON_NAME = AppIcon;
				ASSETCATALOG_COMPILER_LAUNCHIMAGE_NAME = LaunchImage;
				GCC_PRECOMPILE_PREFIX_HEADER = YES;
				GCC_PREFIX_HEADER = "KKMessagesViewController/KKMessagesViewController-Prefix.pch";
				INFOPLIST_FILE = "KKMessagesViewController/KKMessagesViewController-Info.plist";
				PRODUCT_NAME = "$(TARGET_NAME)";
				WRAPPER_EXTENSION = app;
			};
			name = Release;
		};
		9C8094D6183C882800491E89 /* Debug */ = {
			isa = XCBuildConfiguration;
			buildSettings = {
				ARCHS = "$(ARCHS_STANDARD_INCLUDING_64_BIT)";
				BUNDLE_LOADER = "$(BUILT_PRODUCTS_DIR)/KKMessagesViewController.app/KKMessagesViewController";
				FRAMEWORK_SEARCH_PATHS = (
					"$(SDKROOT)/Developer/Library/Frameworks",
					"$(inherited)",
					"$(DEVELOPER_FRAMEWORKS_DIR)",
				);
				GCC_PRECOMPILE_PREFIX_HEADER = YES;
				GCC_PREFIX_HEADER = "KKMessagesViewController/KKMessagesViewController-Prefix.pch";
				GCC_PREPROCESSOR_DEFINITIONS = (
					"DEBUG=1",
					"$(inherited)",
				);
				INFOPLIST_FILE = "KKMessagesViewControllerTests/KKMessagesViewControllerTests-Info.plist";
				PRODUCT_NAME = "$(TARGET_NAME)";
				TEST_HOST = "$(BUNDLE_LOADER)";
				WRAPPER_EXTENSION = xctest;
			};
			name = Debug;
		};
		9C8094D7183C882800491E89 /* Release */ = {
			isa = XCBuildConfiguration;
			buildSettings = {
				ARCHS = "$(ARCHS_STANDARD_INCLUDING_64_BIT)";
				BUNDLE_LOADER = "$(BUILT_PRODUCTS_DIR)/KKMessagesViewController.app/KKMessagesViewController";
				FRAMEWORK_SEARCH_PATHS = (
					"$(SDKROOT)/Developer/Library/Frameworks",
					"$(inherited)",
					"$(DEVELOPER_FRAMEWORKS_DIR)",
				);
				GCC_PRECOMPILE_PREFIX_HEADER = YES;
				GCC_PREFIX_HEADER = "KKMessagesViewController/KKMessagesViewController-Prefix.pch";
				INFOPLIST_FILE = "KKMessagesViewControllerTests/KKMessagesViewControllerTests-Info.plist";
				PRODUCT_NAME = "$(TARGET_NAME)";
				TEST_HOST = "$(BUNDLE_LOADER)";
				WRAPPER_EXTENSION = xctest;
			};
			name = Release;
		};
/* End XCBuildConfiguration section */

/* Begin XCConfigurationList section */
		9C8094A1183C882700491E89 /* Build configuration list for PBXProject "KKMessagesViewController" */ = {
			isa = XCConfigurationList;
			buildConfigurations = (
				9C8094D0183C882800491E89 /* Debug */,
				9C8094D1183C882800491E89 /* Release */,
			);
			defaultConfigurationIsVisible = 0;
			defaultConfigurationName = Release;
		};
		9C8094D2183C882800491E89 /* Build configuration list for PBXNativeTarget "KKMessagesViewController" */ = {
			isa = XCConfigurationList;
			buildConfigurations = (
				9C8094D3183C882800491E89 /* Debug */,
				9C8094D4183C882800491E89 /* Release */,
			);
			defaultConfigurationIsVisible = 0;
			defaultConfigurationName = Release;
		};
		9C8094D5183C882800491E89 /* Build configuration list for PBXNativeTarget "KKMessagesViewControllerTests" */ = {
			isa = XCConfigurationList;
			buildConfigurations = (
				9C8094D6183C882800491E89 /* Debug */,
				9C8094D7183C882800491E89 /* Release */,
			);
			defaultConfigurationIsVisible = 0;
			defaultConfigurationName = Release;
		};
/* End XCConfigurationList section */
	};
	rootObject = 9C80949E183C882700491E89 /* Project object */;
}
